
Microsoft Visual Studio Solution File, Format Version 12.00
# Visual Studio 15
VisualStudioVersion = 15.0.27703.2018
MinimumVisualStudioVersion = 10.0.40219.1
Project("{FAE04EC0-301F-11D3-BF4B-00C04F79EFBC}") = "ServerUI", "ServerUI\ServerUI.csproj", "{91D100F1-5C81-4338-A6B5-CE5EB1E0A65F}"
EndProject
Project("{FAE04EC0-301F-11D3-BF4B-00C04F79EFBC}") = "Messaging.App", "..\Common\Messaging.App\Messaging.App.csproj", "{BAD50A63-CBF1-4C53-93AB-E2D5B4BECAC5}"
EndProject
Project("{FAE04EC0-301F-11D3-BF4B-00C04F79EFBC}") = "websocket-sharp", "..\..\src\Lib\websocketsharp\websocket-sharp\websocket-sharp.csproj", "{B357BAC7-529E-4D81-A0D2-71041B19C8DE}"
EndProject
Project("{FAE04EC0-301F-11D3-BF4B-00C04F79EFBC}") = "Messaging.App.Server", "Messaging.App.Server\Messaging.App.Server.csproj", "{5418C828-568E-4E37-AF02-D8DF9A99703E}"
EndProject
Project("{FAE04EC0-301F-11D3-BF4B-00C04F79EFBC}") = "Mitto.Connection.Websocket", "..\..\src\Mitto.Connection.Websocket\Mitto.Connection.Websocket.csproj", "{CF99D3F2-2C06-4A9F-BA22-E2E0CA457B58}"
EndProject
Project("{FAE04EC0-301F-11D3-BF4B-00C04F79EFBC}") = "Mitto.IConnection", "..\..\src\Mitto.IConnection\Mitto.IConnection.csproj", "{AAF65EBA-E48D-491A-AD2E-525BDE11EC6F}"
EndProject
Project("{FAE04EC0-301F-11D3-BF4B-00C04F79EFBC}") = "Mitto.IMessaging", "..\..\src\Mitto.IMessaging\Mitto.IMessaging.csproj", "{3BB1C211-9006-4FEE-9F40-7556717431B0}"
EndProject
Project("{FAE04EC0-301F-11D3-BF4B-00C04F79EFBC}") = "Mitto.IQueue", "..\..\src\Mitto.IQueue\Mitto.IQueue.csproj", "{7A80E47B-C82F-4A16-83F0-E0C65F22885A}"
EndProject
Project("{FAE04EC0-301F-11D3-BF4B-00C04F79EFBC}") = "Mitto.Messaging.Base", "..\..\src\Mitto.Messaging.Base\Mitto.Messaging.Base.csproj", "{C29037E3-9C2F-4996-8434-36600735D465}"
EndProject
Project("{FAE04EC0-301F-11D3-BF4B-00C04F79EFBC}") = "Mitto.Messaging.Json", "..\..\src\Mitto.Messaging.Json.Base\Mitto.Messaging.Json.csproj", "{786F3627-BC95-4C92-9240-B0CD3D8BBB58}"
EndProject
Project("{FAE04EC0-301F-11D3-BF4B-00C04F79EFBC}") = "Mitto.Queue.PassThrough", "..\..\src\Mitto.Queue.PassThrough\Mitto.Queue.PassThrough.csproj", "{CE5F0847-F8B5-4B95-8E86-E007FCDC92A3}"
EndProject
Project("{FAE04EC0-301F-11D3-BF4B-00C04F79EFBC}") = "Mitto.ServerManager", "..\..\src\Mitto.ServerManager\Mitto.ServerManager.csproj", "{A6F9DAE3-8537-49E1-AE2E-13A2DC3FF9B8}"
EndProject
Global
	GlobalSection(SolutionConfigurationPlatforms) = preSolution
		Debug_Ubuntu|Any CPU = Debug_Ubuntu|Any CPU
		Debug_Ubuntu|x64 = Debug_Ubuntu|x64
		Debug|Any CPU = Debug|Any CPU
		Debug|x64 = Debug|x64
		Release_Ubuntu|Any CPU = Release_Ubuntu|Any CPU
		Release_Ubuntu|x64 = Release_Ubuntu|x64
		Release|Any CPU = Release|Any CPU
		Release|x64 = Release|x64
	EndGlobalSection
	GlobalSection(ProjectConfigurationPlatforms) = postSolution
		{91D100F1-5C81-4338-A6B5-CE5EB1E0A65F}.Debug_Ubuntu|Any CPU.ActiveCfg = Debug|Any CPU
		{91D100F1-5C81-4338-A6B5-CE5EB1E0A65F}.Debug_Ubuntu|Any CPU.Build.0 = Debug|Any CPU
		{91D100F1-5C81-4338-A6B5-CE5EB1E0A65F}.Debug_Ubuntu|x64.ActiveCfg = Debug|Any CPU
		{91D100F1-5C81-4338-A6B5-CE5EB1E0A65F}.Debug_Ubuntu|x64.Build.0 = Debug|Any CPU
		{91D100F1-5C81-4338-A6B5-CE5EB1E0A65F}.Debug|Any CPU.ActiveCfg = Debug|Any CPU
		{91D100F1-5C81-4338-A6B5-CE5EB1E0A65F}.Debug|Any CPU.Build.0 = Debug|Any CPU
		{91D100F1-5C81-4338-A6B5-CE5EB1E0A65F}.Debug|x64.ActiveCfg = Debug|Any CPU
		{91D100F1-5C81-4338-A6B5-CE5EB1E0A65F}.Debug|x64.Build.0 = Debug|Any CPU
		{91D100F1-5C81-4338-A6B5-CE5EB1E0A65F}.Release_Ubuntu|Any CPU.ActiveCfg = Release|Any CPU
		{91D100F1-5C81-4338-A6B5-CE5EB1E0A65F}.Release_Ubuntu|Any CPU.Build.0 = Release|Any CPU
		{91D100F1-5C81-4338-A6B5-CE5EB1E0A65F}.Release_Ubuntu|x64.ActiveCfg = Release|Any CPU
		{91D100F1-5C81-4338-A6B5-CE5EB1E0A65F}.Release_Ubuntu|x64.Build.0 = Release|Any CPU
		{91D100F1-5C81-4338-A6B5-CE5EB1E0A65F}.Release|Any CPU.ActiveCfg = Release|Any CPU
		{91D100F1-5C81-4338-A6B5-CE5EB1E0A65F}.Release|Any CPU.Build.0 = Release|Any CPU
		{91D100F1-5C81-4338-A6B5-CE5EB1E0A65F}.Release|x64.ActiveCfg = Release|Any CPU
		{91D100F1-5C81-4338-A6B5-CE5EB1E0A65F}.Release|x64.Build.0 = Release|Any CPU
		{BAD50A63-CBF1-4C53-93AB-E2D5B4BECAC5}.Debug_Ubuntu|Any CPU.ActiveCfg = Debug|Any CPU
		{BAD50A63-CBF1-4C53-93AB-E2D5B4BECAC5}.Debug_Ubuntu|Any CPU.Build.0 = Debug|Any CPU
		{BAD50A63-CBF1-4C53-93AB-E2D5B4BECAC5}.Debug_Ubuntu|x64.ActiveCfg = Debug|Any CPU
		{BAD50A63-CBF1-4C53-93AB-E2D5B4BECAC5}.Debug_Ubuntu|x64.Build.0 = Debug|Any CPU
		{BAD50A63-CBF1-4C53-93AB-E2D5B4BECAC5}.Debug|Any CPU.ActiveCfg = Debug|Any CPU
		{BAD50A63-CBF1-4C53-93AB-E2D5B4BECAC5}.Debug|Any CPU.Build.0 = Debug|Any CPU
		{BAD50A63-CBF1-4C53-93AB-E2D5B4BECAC5}.Debug|x64.ActiveCfg = Debug|Any CPU
		{BAD50A63-CBF1-4C53-93AB-E2D5B4BECAC5}.Debug|x64.Build.0 = Debug|Any CPU
		{BAD50A63-CBF1-4C53-93AB-E2D5B4BECAC5}.Release_Ubuntu|Any CPU.ActiveCfg = Release|Any CPU
		{BAD50A63-CBF1-4C53-93AB-E2D5B4BECAC5}.Release_Ubuntu|Any CPU.Build.0 = Release|Any CPU
		{BAD50A63-CBF1-4C53-93AB-E2D5B4BECAC5}.Release_Ubuntu|x64.ActiveCfg = Release|Any CPU
		{BAD50A63-CBF1-4C53-93AB-E2D5B4BECAC5}.Release_Ubuntu|x64.Build.0 = Release|Any CPU
		{BAD50A63-CBF1-4C53-93AB-E2D5B4BECAC5}.Release|Any CPU.ActiveCfg = Release|Any CPU
		{BAD50A63-CBF1-4C53-93AB-E2D5B4BECAC5}.Release|Any CPU.Build.0 = Release|Any CPU
		{BAD50A63-CBF1-4C53-93AB-E2D5B4BECAC5}.Release|x64.ActiveCfg = Release|Any CPU
		{BAD50A63-CBF1-4C53-93AB-E2D5B4BECAC5}.Release|x64.Build.0 = Release|Any CPU
		{B357BAC7-529E-4D81-A0D2-71041B19C8DE}.Debug_Ubuntu|Any CPU.ActiveCfg = Debug_Ubuntu|Any CPU
		{B357BAC7-529E-4D81-A0D2-71041B19C8DE}.Debug_Ubuntu|Any CPU.Build.0 = Debug_Ubuntu|Any CPU
		{B357BAC7-529E-4D81-A0D2-71041B19C8DE}.Debug_Ubuntu|x64.ActiveCfg = Debug_Ubuntu|Any CPU
		{B357BAC7-529E-4D81-A0D2-71041B19C8DE}.Debug_Ubuntu|x64.Build.0 = Debug_Ubuntu|Any CPU
		{B357BAC7-529E-4D81-A0D2-71041B19C8DE}.Debug|Any CPU.ActiveCfg = Debug|Any CPU
		{B357BAC7-529E-4D81-A0D2-71041B19C8DE}.Debug|Any CPU.Build.0 = Debug|Any CPU
		{B357BAC7-529E-4D81-A0D2-71041B19C8DE}.Debug|x64.ActiveCfg = Debug|Any CPU
		{B357BAC7-529E-4D81-A0D2-71041B19C8DE}.Debug|x64.Build.0 = Debug|Any CPU
		{B357BAC7-529E-4D81-A0D2-71041B19C8DE}.Release_Ubuntu|Any CPU.ActiveCfg = Release_Ubuntu|Any CPU
		{B357BAC7-529E-4D81-A0D2-71041B19C8DE}.Release_Ubuntu|Any CPU.Build.0 = Release_Ubuntu|Any CPU
		{B357BAC7-529E-4D81-A0D2-71041B19C8DE}.Release_Ubuntu|x64.ActiveCfg = Release_Ubuntu|Any CPU
		{B357BAC7-529E-4D81-A0D2-71041B19C8DE}.Release_Ubuntu|x64.Build.0 = Release_Ubuntu|Any CPU
		{B357BAC7-529E-4D81-A0D2-71041B19C8DE}.Release|Any CPU.ActiveCfg = Release|Any CPU
		{B357BAC7-529E-4D81-A0D2-71041B19C8DE}.Release|Any CPU.Build.0 = Release|Any CPU
		{B357BAC7-529E-4D81-A0D2-71041B19C8DE}.Release|x64.ActiveCfg = Release|Any CPU
		{B357BAC7-529E-4D81-A0D2-71041B19C8DE}.Release|x64.Build.0 = Release|Any CPU
		{5418C828-568E-4E37-AF02-D8DF9A99703E}.Debug_Ubuntu|Any CPU.ActiveCfg = Debug|Any CPU
		{5418C828-568E-4E37-AF02-D8DF9A99703E}.Debug_Ubuntu|Any CPU.Build.0 = Debug|Any CPU
		{5418C828-568E-4E37-AF02-D8DF9A99703E}.Debug_Ubuntu|x64.ActiveCfg = Debug|Any CPU
		{5418C828-568E-4E37-AF02-D8DF9A99703E}.Debug_Ubuntu|x64.Build.0 = Debug|Any CPU
		{5418C828-568E-4E37-AF02-D8DF9A99703E}.Debug|Any CPU.ActiveCfg = Debug|Any CPU
		{5418C828-568E-4E37-AF02-D8DF9A99703E}.Debug|Any CPU.Build.0 = Debug|Any CPU
		{5418C828-568E-4E37-AF02-D8DF9A99703E}.Debug|x64.ActiveCfg = Debug|Any CPU
		{5418C828-568E-4E37-AF02-D8DF9A99703E}.Debug|x64.Build.0 = Debug|Any CPU
		{5418C828-568E-4E37-AF02-D8DF9A99703E}.Release_Ubuntu|Any CPU.ActiveCfg = Release|Any CPU
		{5418C828-568E-4E37-AF02-D8DF9A99703E}.Release_Ubuntu|Any CPU.Build.0 = Release|Any CPU
		{5418C828-568E-4E37-AF02-D8DF9A99703E}.Release_Ubuntu|x64.ActiveCfg = Release|Any CPU
		{5418C828-568E-4E37-AF02-D8DF9A99703E}.Release_Ubuntu|x64.Build.0 = Release|Any CPU
		{5418C828-568E-4E37-AF02-D8DF9A99703E}.Release|Any CPU.ActiveCfg = Release|Any CPU
		{5418C828-568E-4E37-AF02-D8DF9A99703E}.Release|Any CPU.Build.0 = Release|Any CPU
		{5418C828-568E-4E37-AF02-D8DF9A99703E}.Release|x64.ActiveCfg = Release|Any CPU
		{5418C828-568E-4E37-AF02-D8DF9A99703E}.Release|x64.Build.0 = Release|Any CPU
		{CF99D3F2-2C06-4A9F-BA22-E2E0CA457B58}.Debug_Ubuntu|Any CPU.ActiveCfg = Debug|Any CPU
		{CF99D3F2-2C06-4A9F-BA22-E2E0CA457B58}.Debug_Ubuntu|Any CPU.Build.0 = Debug|Any CPU
		{CF99D3F2-2C06-4A9F-BA22-E2E0CA457B58}.Debug_Ubuntu|x64.ActiveCfg = Debug|Any CPU
		{CF99D3F2-2C06-4A9F-BA22-E2E0CA457B58}.Debug_Ubuntu|x64.Build.0 = Debug|Any CPU
		{CF99D3F2-2C06-4A9F-BA22-E2E0CA457B58}.Debug|Any CPU.ActiveCfg = Debug|Any CPU
		{CF99D3F2-2C06-4A9F-BA22-E2E0CA457B58}.Debug|Any CPU.Build.0 = Debug|Any CPU
		{CF99D3F2-2C06-4A9F-BA22-E2E0CA457B58}.Debug|x64.ActiveCfg = Debug|Any CPU
		{CF99D3F2-2C06-4A9F-BA22-E2E0CA457B58}.Debug|x64.Build.0 = Debug|Any CPU
		{CF99D3F2-2C06-4A9F-BA22-E2E0CA457B58}.Release_Ubuntu|Any CPU.ActiveCfg = Release|Any CPU
		{CF99D3F2-2C06-4A9F-BA22-E2E0CA457B58}.Release_Ubuntu|Any CPU.Build.0 = Release|Any CPU
		{CF99D3F2-2C06-4A9F-BA22-E2E0CA457B58}.Release_Ubuntu|x64.ActiveCfg = Release|Any CPU
		{CF99D3F2-2C06-4A9F-BA22-E2E0CA457B58}.Release_Ubuntu|x64.Build.0 = Release|Any CPU
		{CF99D3F2-2C06-4A9F-BA22-E2E0CA457B58}.Release|Any CPU.ActiveCfg = Release|Any CPU
		{CF99D3F2-2C06-4A9F-BA22-E2E0CA457B58}.Release|Any CPU.Build.0 = Release|Any CPU
		{CF99D3F2-2C06-4A9F-BA22-E2E0CA457B58}.Release|x64.ActiveCfg = Release|Any CPU
		{CF99D3F2-2C06-4A9F-BA22-E2E0CA457B58}.Release|x64.Build.0 = Release|Any CPU
		{AAF65EBA-E48D-491A-AD2E-525BDE11EC6F}.Debug_Ubuntu|Any CPU.ActiveCfg = Debug|Any CPU
		{AAF65EBA-E48D-491A-AD2E-525BDE11EC6F}.Debug_Ubuntu|Any CPU.Build.0 = Debug|Any CPU
		{AAF65EBA-E48D-491A-AD2E-525BDE11EC6F}.Debug_Ubuntu|x64.ActiveCfg = Debug|Any CPU
		{AAF65EBA-E48D-491A-AD2E-525BDE11EC6F}.Debug_Ubuntu|x64.Build.0 = Debug|Any CPU
		{AAF65EBA-E48D-491A-AD2E-525BDE11EC6F}.Debug|Any CPU.ActiveCfg = Debug|Any CPU
		{AAF65EBA-E48D-491A-AD2E-525BDE11EC6F}.Debug|Any CPU.Build.0 = Debug|Any CPU
		{AAF65EBA-E48D-491A-AD2E-525BDE11EC6F}.Debug|x64.ActiveCfg = Debug|Any CPU
		{AAF65EBA-E48D-491A-AD2E-525BDE11EC6F}.Debug|x64.Build.0 = Debug|Any CPU
		{AAF65EBA-E48D-491A-AD2E-525BDE11EC6F}.Release_Ubuntu|Any CPU.ActiveCfg = Release|Any CPU
		{AAF65EBA-E48D-491A-AD2E-525BDE11EC6F}.Release_Ubuntu|Any CPU.Build.0 = Release|Any CPU
		{AAF65EBA-E48D-491A-AD2E-525BDE11EC6F}.Release_Ubuntu|x64.ActiveCfg = Release|Any CPU
		{AAF65EBA-E48D-491A-AD2E-525BDE11EC6F}.Release_Ubuntu|x64.Build.0 = Release|Any CPU
		{AAF65EBA-E48D-491A-AD2E-525BDE11EC6F}.Release|Any CPU.ActiveCfg = Release|Any CPU
		{AAF65EBA-E48D-491A-AD2E-525BDE11EC6F}.Release|Any CPU.Build.0 = Release|Any CPU
		{AAF65EBA-E48D-491A-AD2E-525BDE11EC6F}.Release|x64.ActiveCfg = Release|Any CPU
		{AAF65EBA-E48D-491A-AD2E-525BDE11EC6F}.Release|x64.Build.0 = Release|Any CPU
		{3BB1C211-9006-4FEE-9F40-7556717431B0}.Debug_Ubuntu|Any CPU.ActiveCfg = Debug|Any CPU
		{3BB1C211-9006-4FEE-9F40-7556717431B0}.Debug_Ubuntu|Any CPU.Build.0 = Debug|Any CPU
		{3BB1C211-9006-4FEE-9F40-7556717431B0}.Debug_Ubuntu|x64.ActiveCfg = Debug|Any CPU
		{3BB1C211-9006-4FEE-9F40-7556717431B0}.Debug_Ubuntu|x64.Build.0 = Debug|Any CPU
		{3BB1C211-9006-4FEE-9F40-7556717431B0}.Debug|Any CPU.ActiveCfg = Debug|Any CPU
		{3BB1C211-9006-4FEE-9F40-7556717431B0}.Debug|Any CPU.Build.0 = Debug|Any CPU
		{3BB1C211-9006-4FEE-9F40-7556717431B0}.Debug|x64.ActiveCfg = Debug|Any CPU
		{3BB1C211-9006-4FEE-9F40-7556717431B0}.Debug|x64.Build.0 = Debug|Any CPU
		{3BB1C211-9006-4FEE-9F40-7556717431B0}.Release_Ubuntu|Any CPU.ActiveCfg = Release|Any CPU
		{3BB1C211-9006-4FEE-9F40-7556717431B0}.Release_Ubuntu|Any CPU.Build.0 = Release|Any CPU
		{3BB1C211-9006-4FEE-9F40-7556717431B0}.Release_Ubuntu|x64.ActiveCfg = Release|Any CPU
		{3BB1C211-9006-4FEE-9F40-7556717431B0}.Release_Ubuntu|x64.Build.0 = Release|Any CPU
		{3BB1C211-9006-4FEE-9F40-7556717431B0}.Release|Any CPU.ActiveCfg = Release|Any CPU
		{3BB1C211-9006-4FEE-9F40-7556717431B0}.Release|Any CPU.Build.0 = Release|Any CPU
		{3BB1C211-9006-4FEE-9F40-7556717431B0}.Release|x64.ActiveCfg = Release|Any CPU
		{3BB1C211-9006-4FEE-9F40-7556717431B0}.Release|x64.Build.0 = Release|Any CPU
		{7A80E47B-C82F-4A16-83F0-E0C65F22885A}.Debug_Ubuntu|Any CPU.ActiveCfg = Debug|Any CPU
		{7A80E47B-C82F-4A16-83F0-E0C65F22885A}.Debug_Ubuntu|Any CPU.Build.0 = Debug|Any CPU
		{7A80E47B-C82F-4A16-83F0-E0C65F22885A}.Debug_Ubuntu|x64.ActiveCfg = Debug|Any CPU
		{7A80E47B-C82F-4A16-83F0-E0C65F22885A}.Debug_Ubuntu|x64.Build.0 = Debug|Any CPU
		{7A80E47B-C82F-4A16-83F0-E0C65F22885A}.Debug|Any CPU.ActiveCfg = Debug|Any CPU
		{7A80E47B-C82F-4A16-83F0-E0C65F22885A}.Debug|Any CPU.Build.0 = Debug|Any CPU
		{7A80E47B-C82F-4A16-83F0-E0C65F22885A}.Debug|x64.ActiveCfg = Debug|Any CPU
		{7A80E47B-C82F-4A16-83F0-E0C65F22885A}.Debug|x64.Build.0 = Debug|Any CPU
		{7A80E47B-C82F-4A16-83F0-E0C65F22885A}.Release_Ubuntu|Any CPU.ActiveCfg = Release|Any CPU
		{7A80E47B-C82F-4A16-83F0-E0C65F22885A}.Release_Ubuntu|Any CPU.Build.0 = Release|Any CPU
		{7A80E47B-C82F-4A16-83F0-E0C65F22885A}.Release_Ubuntu|x64.ActiveCfg = Release|Any CPU
		{7A80E47B-C82F-4A16-83F0-E0C65F22885A}.Release_Ubuntu|x64.Build.0 = Release|Any CPU
		{7A80E47B-C82F-4A16-83F0-E0C65F22885A}.Release|Any CPU.ActiveCfg = Release|Any CPU
		{7A80E47B-C82F-4A16-83F0-E0C65F22885A}.Release|Any CPU.Build.0 = Release|Any CPU
		{7A80E47B-C82F-4A16-83F0-E0C65F22885A}.Release|x64.ActiveCfg = Release|Any CPU
		{7A80E47B-C82F-4A16-83F0-E0C65F22885A}.Release|x64.Build.0 = Release|Any CPU
		{C29037E3-9C2F-4996-8434-36600735D465}.Debug_Ubuntu|Any CPU.ActiveCfg = Debug|Any CPU
		{C29037E3-9C2F-4996-8434-36600735D465}.Debug_Ubuntu|Any CPU.Build.0 = Debug|Any CPU
		{C29037E3-9C2F-4996-8434-36600735D465}.Debug_Ubuntu|x64.ActiveCfg = Debug|Any CPU
		{C29037E3-9C2F-4996-8434-36600735D465}.Debug_Ubuntu|x64.Build.0 = Debug|Any CPU
		{C29037E3-9C2F-4996-8434-36600735D465}.Debug|Any CPU.ActiveCfg = Debug|Any CPU
		{C29037E3-9C2F-4996-8434-36600735D465}.Debug|Any CPU.Build.0 = Debug|Any CPU
		{C29037E3-9C2F-4996-8434-36600735D465}.Debug|x64.ActiveCfg = Debug|Any CPU
		{C29037E3-9C2F-4996-8434-36600735D465}.Debug|x64.Build.0 = Debug|Any CPU
		{C29037E3-9C2F-4996-8434-36600735D465}.Release_Ubuntu|Any CPU.ActiveCfg = Release|Any CPU
		{C29037E3-9C2F-4996-8434-36600735D465}.Release_Ubuntu|Any CPU.Build.0 = Release|Any CPU
		{C29037E3-9C2F-4996-8434-36600735D465}.Release_Ubuntu|x64.ActiveCfg = Release|Any CPU
		{C29037E3-9C2F-4996-8434-36600735D465}.Release_Ubuntu|x64.Build.0 = Release|Any CPU
		{C29037E3-9C2F-4996-8434-36600735D465}.Release|Any CPU.ActiveCfg = Release|Any CPU
		{C29037E3-9C2F-4996-8434-36600735D465}.Release|Any CPU.Build.0 = Release|Any CPU
		{C29037E3-9C2F-4996-8434-36600735D465}.Release|x64.ActiveCfg = Release|Any CPU
		{C29037E3-9C2F-4996-8434-36600735D465}.Release|x64.Build.0 = Release|Any CPU
		{786F3627-BC95-4C92-9240-B0CD3D8BBB58}.Debug_Ubuntu|Any CPU.ActiveCfg = Debug|Any CPU
		{786F3627-BC95-4C92-9240-B0CD3D8BBB58}.Debug_Ubuntu|Any CPU.Build.0 = Debug|Any CPU
		{786F3627-BC95-4C92-9240-B0CD3D8BBB58}.Debug_Ubuntu|x64.ActiveCfg = Debug|Any CPU
		{786F3627-BC95-4C92-9240-B0CD3D8BBB58}.Debug_Ubuntu|x64.Build.0 = Debug|Any CPU
		{786F3627-BC95-4C92-9240-B0CD3D8BBB58}.Debug|Any CPU.ActiveCfg = Debug|Any CPU
		{786F3627-BC95-4C92-9240-B0CD3D8BBB58}.Debug|Any CPU.Build.0 = Debug|Any CPU
		{786F3627-BC95-4C92-9240-B0CD3D8BBB58}.Debug|x64.ActiveCfg = Debug|Any CPU
		{786F3627-BC95-4C92-9240-B0CD3D8BBB58}.Debug|x64.Build.0 = Debug|Any CPU
		{786F3627-BC95-4C92-9240-B0CD3D8BBB58}.Release_Ubuntu|Any CPU.ActiveCfg = Release|Any CPU
		{786F3627-BC95-4C92-9240-B0CD3D8BBB58}.Release_Ubuntu|Any CPU.Build.0 = Release|Any CPU
		{786F3627-BC95-4C92-9240-B0CD3D8BBB58}.Release_Ubuntu|x64.ActiveCfg = Release|Any CPU
		{786F3627-BC95-4C92-9240-B0CD3D8BBB58}.Release_Ubuntu|x64.Build.0 = Release|Any CPU
		{786F3627-BC95-4C92-9240-B0CD3D8BBB58}.Release|Any CPU.ActiveCfg = Release|Any CPU
		{786F3627-BC95-4C92-9240-B0CD3D8BBB58}.Release|Any CPU.Build.0 = Release|Any CPU
		{786F3627-BC95-4C92-9240-B0CD3D8BBB58}.Release|x64.ActiveCfg = Release|Any CPU
		{786F3627-BC95-4C92-9240-B0CD3D8BBB58}.Release|x64.Build.0 = Release|Any CPU
		{CE5F0847-F8B5-4B95-8E86-E007FCDC92A3}.Debug_Ubuntu|Any CPU.ActiveCfg = Debug|Any CPU
		{CE5F0847-F8B5-4B95-8E86-E007FCDC92A3}.Debug_Ubuntu|Any CPU.Build.0 = Debug|Any CPU
		{CE5F0847-F8B5-4B95-8E86-E007FCDC92A3}.Debug_Ubuntu|x64.ActiveCfg = Debug|Any CPU
		{CE5F0847-F8B5-4B95-8E86-E007FCDC92A3}.Debug_Ubuntu|x64.Build.0 = Debug|Any CPU
		{CE5F0847-F8B5-4B95-8E86-E007FCDC92A3}.Debug|Any CPU.ActiveCfg = Debug|Any CPU
		{CE5F0847-F8B5-4B95-8E86-E007FCDC92A3}.Debug|Any CPU.Build.0 = Debug|Any CPU
		{CE5F0847-F8B5-4B95-8E86-E007FCDC92A3}.Debug|x64.ActiveCfg = Debug|Any CPU
		{CE5F0847-F8B5-4B95-8E86-E007FCDC92A3}.Debug|x64.Build.0 = Debug|Any CPU
		{CE5F0847-F8B5-4B95-8E86-E007FCDC92A3}.Release_Ubuntu|Any CPU.ActiveCfg = Release|Any CPU
		{CE5F0847-F8B5-4B95-8E86-E007FCDC92A3}.Release_Ubuntu|Any CPU.Build.0 = Release|Any CPU
		{CE5F0847-F8B5-4B95-8E86-E007FCDC92A3}.Release_Ubuntu|x64.ActiveCfg = Release|Any CPU
		{CE5F0847-F8B5-4B95-8E86-E007FCDC92A3}.Release_Ubuntu|x64.Build.0 = Release|Any CPU
		{CE5F0847-F8B5-4B95-8E86-E007FCDC92A3}.Release|Any CPU.ActiveCfg = Release|Any CPU
		{CE5F0847-F8B5-4B95-8E86-E007FCDC92A3}.Release|Any CPU.Build.0 = Release|Any CPU
		{CE5F0847-F8B5-4B95-8E86-E007FCDC92A3}.Release|x64.ActiveCfg = Release|Any CPU
		{CE5F0847-F8B5-4B95-8E86-E007FCDC92A3}.Release|x64.Build.0 = Release|Any CPU
		{A6F9DAE3-8537-49E1-AE2E-13A2DC3FF9B8}.Debug_Ubuntu|Any CPU.ActiveCfg = Debug|Any CPU
		{A6F9DAE3-8537-49E1-AE2E-13A2DC3FF9B8}.Debug_Ubuntu|Any CPU.Build.0 = Debug|Any CPU
		{A6F9DAE3-8537-49E1-AE2E-13A2DC3FF9B8}.Debug_Ubuntu|x64.ActiveCfg = Debug|x64
		{A6F9DAE3-8537-49E1-AE2E-13A2DC3FF9B8}.Debug_Ubuntu|x64.Build.0 = Debug|x64
		{A6F9DAE3-8537-49E1-AE2E-13A2DC3FF9B8}.Debug|Any CPU.ActiveCfg = Debug|Any CPU
		{A6F9DAE3-8537-49E1-AE2E-13A2DC3FF9B8}.Debug|Any CPU.Build.0 = Debug|Any CPU
		{A6F9DAE3-8537-49E1-AE2E-13A2DC3FF9B8}.Debug|x64.ActiveCfg = Debug|x64
		{A6F9DAE3-8537-49E1-AE2E-13A2DC3FF9B8}.Debug|x64.Build.0 = Debug|x64
		{A6F9DAE3-8537-49E1-AE2E-13A2DC3FF9B8}.Release_Ubuntu|Any CPU.ActiveCfg = Release|Any CPU
		{A6F9DAE3-8537-49E1-AE2E-13A2DC3FF9B8}.Release_Ubuntu|Any CPU.Build.0 = Release|Any CPU
		{A6F9DAE3-8537-49E1-AE2E-13A2DC3FF9B8}.Release_Ubuntu|x64.ActiveCfg = Release|x64
		{A6F9DAE3-8537-49E1-AE2E-13A2DC3FF9B8}.Release_Ubuntu|x64.Build.0 = Release|x64
		{A6F9DAE3-8537-49E1-AE2E-13A2DC3FF9B8}.Release|Any CPU.ActiveCfg = Release|Any CPU
		{A6F9DAE3-8537-49E1-AE2E-13A2DC3FF9B8}.Release|Any CPU.Build.0 = Release|Any CPU
		{A6F9DAE3-8537-49E1-AE2E-13A2DC3FF9B8}.Release|x64.ActiveCfg = Release|x64
		{A6F9DAE3-8537-49E1-AE2E-13A2DC3FF9B8}.Release|x64.Build.0 = Release|x64
	EndGlobalSection
	GlobalSection(SolutionProperties) = preSolution
		HideSolutionNode = FALSE
	EndGlobalSection
	GlobalSection(ExtensibilityGlobals) = postSolution
		SolutionGuid = {F8B8B422-926D-4515-9580-8F33A5C86D3D}
	EndGlobalSection
EndGlobal
