
Microsoft Visual Studio Solution File, Format Version 12.00
# Visual Studio Version 16
VisualStudioVersion = 16.0.28803.156
MinimumVisualStudioVersion = 10.0.40219.1
Project("{FAE04EC0-301F-11D3-BF4B-00C04F79EFBC}") = "Quickstart.Client", "Quickstart.Client\Quickstart.Client.csproj", "{1A58FD60-74EB-4945-840F-F96243882EC9}"
EndProject
Project("{FAE04EC0-301F-11D3-BF4B-00C04F79EFBC}") = "Quickstart.Server", "Quickstart.Server\Quickstart.Server.csproj", "{BF563BA5-4A08-44CD-B399-746B716D9013}"
EndProject
Project("{FAE04EC0-301F-11D3-BF4B-00C04F79EFBC}") = "Mitto.Config", "..\..\mitto\src\Mitto.Config\Mitto.Config.csproj", "{E3E0D40D-99AC-4ED4-9E64-19CDC10813B0}"
EndProject
Project("{FAE04EC0-301F-11D3-BF4B-00C04F79EFBC}") = "Mitto.Connection.Websocket", "..\..\mitto\src\Mitto.Connection.Websocket\Mitto.Connection.Websocket.csproj", "{CF99D3F2-2C06-4A9F-BA22-E2E0CA457B58}"
EndProject
Project("{FAE04EC0-301F-11D3-BF4B-00C04F79EFBC}") = "Mitto.IConnection", "..\..\mitto\src\Mitto.IConnection\Mitto.IConnection.csproj", "{AAF65EBA-E48D-491A-AD2E-525BDE11EC6F}"
EndProject
Project("{FAE04EC0-301F-11D3-BF4B-00C04F79EFBC}") = "Mitto.IMessaging", "..\..\mitto\src\Mitto.IMessaging\Mitto.IMessaging.csproj", "{3BB1C211-9006-4FEE-9F40-7556717431B0}"
EndProject
Project("{FAE04EC0-301F-11D3-BF4B-00C04F79EFBC}") = "Mitto.Messaging", "..\..\mitto\src\Mitto.Messaging\Mitto.Messaging.csproj", "{C29037E3-9C2F-4996-8434-36600735D465}"
EndProject
Project("{FAE04EC0-301F-11D3-BF4B-00C04F79EFBC}") = "websocket-sharp", "..\..\mitto\src\Lib\websocketsharp\websocket-sharp\websocket-sharp.csproj", "{B357BAC7-529E-4D81-A0D2-71041B19C8DE}"
EndProject
Project("{FAE04EC0-301F-11D3-BF4B-00C04F79EFBC}") = "Mitto.Main", "..\..\mitto\src\Mitto.Main\Mitto.Main.csproj", "{958222ED-4BA0-45DD-92E5-6B72BA62ABA6}"
EndProject
Project("{FAE04EC0-301F-11D3-BF4B-00C04F79EFBC}") = "Mitto.IRouting", "..\..\mitto\src\Mitto.IRouting\Mitto.IRouting.csproj", "{7A80E47B-C82F-4A16-83F0-E0C65F22885A}"
EndProject
Project("{FAE04EC0-301F-11D3-BF4B-00C04F79EFBC}") = "Mitto.Utilities", "..\..\mitto\src\Mitto.Utilities\Mitto.Utilities.csproj", "{D184BF09-FD6D-4F36-BC6E-BF05E763E3AC}"
EndProject
Project("{FAE04EC0-301F-11D3-BF4B-00C04F79EFBC}") = "Mitto.ILogging", "..\..\mitto\src\Mitto.ILogging\Mitto.ILogging.csproj", "{30F11E8A-A8D2-48C7-9D86-D5D007A47609}"
EndProject
Project("{FAE04EC0-301F-11D3-BF4B-00C04F79EFBC}") = "Mitto.Logging", "..\..\mitto\src\Mitto.Logging\Mitto.Logging.csproj", "{7941EAC6-25F8-4D85-A089-EEA56698D00B}"
EndProject
Project("{FAE04EC0-301F-11D3-BF4B-00C04F79EFBC}") = "Mitto.Routing.PassThrough", "..\..\mitto\src\Mitto.Routing.PassThrough\Mitto.Routing.PassThrough.csproj", "{CE5F0847-F8B5-4B95-8E86-E007FCDC92A3}"
EndProject
Project("{FAE04EC0-301F-11D3-BF4B-00C04F79EFBC}") = "Mitto.Messaging.Json", "..\..\mitto\src\Mitto.Messaging.Json\Mitto.Messaging.Json.csproj", "{786F3627-BC95-4C92-9240-B0CD3D8BBB58}"
EndProject
Project("{FAE04EC0-301F-11D3-BF4B-00C04F79EFBC}") = "Mitto.Routing", "..\..\mitto\src\Mitto.Routing\Mitto.Routing.csproj", "{6FFEFEF0-8B67-45C8-9ABA-A1E6D276B1C2}"
EndProject
Project("{FAE04EC0-301F-11D3-BF4B-00C04F79EFBC}") = "Mitto.Subscription.Messaging", "..\..\mitto\src\Mitto.Subscription.Handlers\Mitto.Subscription.Messaging.csproj", "{5D420F78-C169-4615-ACB2-A039BF8ACBD6}"
EndProject
Project("{FAE04EC0-301F-11D3-BF4B-00C04F79EFBC}") = "Mitto.Subscription.IMessaging", "..\..\mitto\src\Mitto.Subscription.IHandlers\Mitto.Subscription.IMessaging.csproj", "{9FF69878-E3D3-459D-A779-A6CB0091DE75}"
EndProject
Global
	GlobalSection(SolutionConfigurationPlatforms) = preSolution
		Debug_Ubuntu|Any CPU = Debug_Ubuntu|Any CPU
		Debug_Ubuntu|x64 = Debug_Ubuntu|x64
		Debug|Any CPU = Debug|Any CPU
		Debug|x64 = Debug|x64
		Release_Ubuntu|Any CPU = Release_Ubuntu|Any CPU
		Release_Ubuntu|x64 = Release_Ubuntu|x64
		Release|Any CPU = Release|Any CPU
		Release|x64 = Release|x64
	EndGlobalSection
	GlobalSection(ProjectConfigurationPlatforms) = postSolution
		{1A58FD60-74EB-4945-840F-F96243882EC9}.Debug_Ubuntu|Any CPU.ActiveCfg = Debug|Any CPU
		{1A58FD60-74EB-4945-840F-F96243882EC9}.Debug_Ubuntu|Any CPU.Build.0 = Debug|Any CPU
		{1A58FD60-74EB-4945-840F-F96243882EC9}.Debug_Ubuntu|x64.ActiveCfg = Debug|Any CPU
		{1A58FD60-74EB-4945-840F-F96243882EC9}.Debug_Ubuntu|x64.Build.0 = Debug|Any CPU
		{1A58FD60-74EB-4945-840F-F96243882EC9}.Debug|Any CPU.ActiveCfg = Debug|Any CPU
		{1A58FD60-74EB-4945-840F-F96243882EC9}.Debug|Any CPU.Build.0 = Debug|Any CPU
		{1A58FD60-74EB-4945-840F-F96243882EC9}.Debug|x64.ActiveCfg = Debug|Any CPU
		{1A58FD60-74EB-4945-840F-F96243882EC9}.Debug|x64.Build.0 = Debug|Any CPU
		{1A58FD60-74EB-4945-840F-F96243882EC9}.Release_Ubuntu|Any CPU.ActiveCfg = Release|Any CPU
		{1A58FD60-74EB-4945-840F-F96243882EC9}.Release_Ubuntu|Any CPU.Build.0 = Release|Any CPU
		{1A58FD60-74EB-4945-840F-F96243882EC9}.Release_Ubuntu|x64.ActiveCfg = Release|Any CPU
		{1A58FD60-74EB-4945-840F-F96243882EC9}.Release_Ubuntu|x64.Build.0 = Release|Any CPU
		{1A58FD60-74EB-4945-840F-F96243882EC9}.Release|Any CPU.ActiveCfg = Release|Any CPU
		{1A58FD60-74EB-4945-840F-F96243882EC9}.Release|Any CPU.Build.0 = Release|Any CPU
		{1A58FD60-74EB-4945-840F-F96243882EC9}.Release|x64.ActiveCfg = Release|Any CPU
		{1A58FD60-74EB-4945-840F-F96243882EC9}.Release|x64.Build.0 = Release|Any CPU
		{BF563BA5-4A08-44CD-B399-746B716D9013}.Debug_Ubuntu|Any CPU.ActiveCfg = Debug|Any CPU
		{BF563BA5-4A08-44CD-B399-746B716D9013}.Debug_Ubuntu|Any CPU.Build.0 = Debug|Any CPU
		{BF563BA5-4A08-44CD-B399-746B716D9013}.Debug_Ubuntu|x64.ActiveCfg = Debug|Any CPU
		{BF563BA5-4A08-44CD-B399-746B716D9013}.Debug_Ubuntu|x64.Build.0 = Debug|Any CPU
		{BF563BA5-4A08-44CD-B399-746B716D9013}.Debug|Any CPU.ActiveCfg = Debug|Any CPU
		{BF563BA5-4A08-44CD-B399-746B716D9013}.Debug|Any CPU.Build.0 = Debug|Any CPU
		{BF563BA5-4A08-44CD-B399-746B716D9013}.Debug|x64.ActiveCfg = Debug|Any CPU
		{BF563BA5-4A08-44CD-B399-746B716D9013}.Debug|x64.Build.0 = Debug|Any CPU
		{BF563BA5-4A08-44CD-B399-746B716D9013}.Release_Ubuntu|Any CPU.ActiveCfg = Release|Any CPU
		{BF563BA5-4A08-44CD-B399-746B716D9013}.Release_Ubuntu|Any CPU.Build.0 = Release|Any CPU
		{BF563BA5-4A08-44CD-B399-746B716D9013}.Release_Ubuntu|x64.ActiveCfg = Release|Any CPU
		{BF563BA5-4A08-44CD-B399-746B716D9013}.Release_Ubuntu|x64.Build.0 = Release|Any CPU
		{BF563BA5-4A08-44CD-B399-746B716D9013}.Release|Any CPU.ActiveCfg = Release|Any CPU
		{BF563BA5-4A08-44CD-B399-746B716D9013}.Release|Any CPU.Build.0 = Release|Any CPU
		{BF563BA5-4A08-44CD-B399-746B716D9013}.Release|x64.ActiveCfg = Release|Any CPU
		{BF563BA5-4A08-44CD-B399-746B716D9013}.Release|x64.Build.0 = Release|Any CPU
		{E3E0D40D-99AC-4ED4-9E64-19CDC10813B0}.Debug_Ubuntu|Any CPU.ActiveCfg = Debug|Any CPU
		{E3E0D40D-99AC-4ED4-9E64-19CDC10813B0}.Debug_Ubuntu|Any CPU.Build.0 = Debug|Any CPU
		{E3E0D40D-99AC-4ED4-9E64-19CDC10813B0}.Debug_Ubuntu|x64.ActiveCfg = Debug|Any CPU
		{E3E0D40D-99AC-4ED4-9E64-19CDC10813B0}.Debug_Ubuntu|x64.Build.0 = Debug|Any CPU
		{E3E0D40D-99AC-4ED4-9E64-19CDC10813B0}.Debug|Any CPU.ActiveCfg = Debug|Any CPU
		{E3E0D40D-99AC-4ED4-9E64-19CDC10813B0}.Debug|Any CPU.Build.0 = Debug|Any CPU
		{E3E0D40D-99AC-4ED4-9E64-19CDC10813B0}.Debug|x64.ActiveCfg = Debug|Any CPU
		{E3E0D40D-99AC-4ED4-9E64-19CDC10813B0}.Debug|x64.Build.0 = Debug|Any CPU
		{E3E0D40D-99AC-4ED4-9E64-19CDC10813B0}.Release_Ubuntu|Any CPU.ActiveCfg = Release|Any CPU
		{E3E0D40D-99AC-4ED4-9E64-19CDC10813B0}.Release_Ubuntu|Any CPU.Build.0 = Release|Any CPU
		{E3E0D40D-99AC-4ED4-9E64-19CDC10813B0}.Release_Ubuntu|x64.ActiveCfg = Release|Any CPU
		{E3E0D40D-99AC-4ED4-9E64-19CDC10813B0}.Release_Ubuntu|x64.Build.0 = Release|Any CPU
		{E3E0D40D-99AC-4ED4-9E64-19CDC10813B0}.Release|Any CPU.ActiveCfg = Release|Any CPU
		{E3E0D40D-99AC-4ED4-9E64-19CDC10813B0}.Release|Any CPU.Build.0 = Release|Any CPU
		{E3E0D40D-99AC-4ED4-9E64-19CDC10813B0}.Release|x64.ActiveCfg = Release|Any CPU
		{E3E0D40D-99AC-4ED4-9E64-19CDC10813B0}.Release|x64.Build.0 = Release|Any CPU
		{CF99D3F2-2C06-4A9F-BA22-E2E0CA457B58}.Debug_Ubuntu|Any CPU.ActiveCfg = Debug|Any CPU
		{CF99D3F2-2C06-4A9F-BA22-E2E0CA457B58}.Debug_Ubuntu|Any CPU.Build.0 = Debug|Any CPU
		{CF99D3F2-2C06-4A9F-BA22-E2E0CA457B58}.Debug_Ubuntu|x64.ActiveCfg = Debug|Any CPU
		{CF99D3F2-2C06-4A9F-BA22-E2E0CA457B58}.Debug_Ubuntu|x64.Build.0 = Debug|Any CPU
		{CF99D3F2-2C06-4A9F-BA22-E2E0CA457B58}.Debug|Any CPU.ActiveCfg = Debug|Any CPU
		{CF99D3F2-2C06-4A9F-BA22-E2E0CA457B58}.Debug|Any CPU.Build.0 = Debug|Any CPU
		{CF99D3F2-2C06-4A9F-BA22-E2E0CA457B58}.Debug|x64.ActiveCfg = Debug|Any CPU
		{CF99D3F2-2C06-4A9F-BA22-E2E0CA457B58}.Debug|x64.Build.0 = Debug|Any CPU
		{CF99D3F2-2C06-4A9F-BA22-E2E0CA457B58}.Release_Ubuntu|Any CPU.ActiveCfg = Release|Any CPU
		{CF99D3F2-2C06-4A9F-BA22-E2E0CA457B58}.Release_Ubuntu|Any CPU.Build.0 = Release|Any CPU
		{CF99D3F2-2C06-4A9F-BA22-E2E0CA457B58}.Release_Ubuntu|x64.ActiveCfg = Release|Any CPU
		{CF99D3F2-2C06-4A9F-BA22-E2E0CA457B58}.Release_Ubuntu|x64.Build.0 = Release|Any CPU
		{CF99D3F2-2C06-4A9F-BA22-E2E0CA457B58}.Release|Any CPU.ActiveCfg = Release|Any CPU
		{CF99D3F2-2C06-4A9F-BA22-E2E0CA457B58}.Release|Any CPU.Build.0 = Release|Any CPU
		{CF99D3F2-2C06-4A9F-BA22-E2E0CA457B58}.Release|x64.ActiveCfg = Release|Any CPU
		{CF99D3F2-2C06-4A9F-BA22-E2E0CA457B58}.Release|x64.Build.0 = Release|Any CPU
		{AAF65EBA-E48D-491A-AD2E-525BDE11EC6F}.Debug_Ubuntu|Any CPU.ActiveCfg = Debug|Any CPU
		{AAF65EBA-E48D-491A-AD2E-525BDE11EC6F}.Debug_Ubuntu|Any CPU.Build.0 = Debug|Any CPU
		{AAF65EBA-E48D-491A-AD2E-525BDE11EC6F}.Debug_Ubuntu|x64.ActiveCfg = Debug|Any CPU
		{AAF65EBA-E48D-491A-AD2E-525BDE11EC6F}.Debug_Ubuntu|x64.Build.0 = Debug|Any CPU
		{AAF65EBA-E48D-491A-AD2E-525BDE11EC6F}.Debug|Any CPU.ActiveCfg = Debug|Any CPU
		{AAF65EBA-E48D-491A-AD2E-525BDE11EC6F}.Debug|Any CPU.Build.0 = Debug|Any CPU
		{AAF65EBA-E48D-491A-AD2E-525BDE11EC6F}.Debug|x64.ActiveCfg = Debug|Any CPU
		{AAF65EBA-E48D-491A-AD2E-525BDE11EC6F}.Debug|x64.Build.0 = Debug|Any CPU
		{AAF65EBA-E48D-491A-AD2E-525BDE11EC6F}.Release_Ubuntu|Any CPU.ActiveCfg = Release|Any CPU
		{AAF65EBA-E48D-491A-AD2E-525BDE11EC6F}.Release_Ubuntu|Any CPU.Build.0 = Release|Any CPU
		{AAF65EBA-E48D-491A-AD2E-525BDE11EC6F}.Release_Ubuntu|x64.ActiveCfg = Release|Any CPU
		{AAF65EBA-E48D-491A-AD2E-525BDE11EC6F}.Release_Ubuntu|x64.Build.0 = Release|Any CPU
		{AAF65EBA-E48D-491A-AD2E-525BDE11EC6F}.Release|Any CPU.ActiveCfg = Release|Any CPU
		{AAF65EBA-E48D-491A-AD2E-525BDE11EC6F}.Release|Any CPU.Build.0 = Release|Any CPU
		{AAF65EBA-E48D-491A-AD2E-525BDE11EC6F}.Release|x64.ActiveCfg = Release|Any CPU
		{AAF65EBA-E48D-491A-AD2E-525BDE11EC6F}.Release|x64.Build.0 = Release|Any CPU
		{3BB1C211-9006-4FEE-9F40-7556717431B0}.Debug_Ubuntu|Any CPU.ActiveCfg = Debug|Any CPU
		{3BB1C211-9006-4FEE-9F40-7556717431B0}.Debug_Ubuntu|Any CPU.Build.0 = Debug|Any CPU
		{3BB1C211-9006-4FEE-9F40-7556717431B0}.Debug_Ubuntu|x64.ActiveCfg = Debug|Any CPU
		{3BB1C211-9006-4FEE-9F40-7556717431B0}.Debug_Ubuntu|x64.Build.0 = Debug|Any CPU
		{3BB1C211-9006-4FEE-9F40-7556717431B0}.Debug|Any CPU.ActiveCfg = Debug|Any CPU
		{3BB1C211-9006-4FEE-9F40-7556717431B0}.Debug|Any CPU.Build.0 = Debug|Any CPU
		{3BB1C211-9006-4FEE-9F40-7556717431B0}.Debug|x64.ActiveCfg = Debug|Any CPU
		{3BB1C211-9006-4FEE-9F40-7556717431B0}.Debug|x64.Build.0 = Debug|Any CPU
		{3BB1C211-9006-4FEE-9F40-7556717431B0}.Release_Ubuntu|Any CPU.ActiveCfg = Release|Any CPU
		{3BB1C211-9006-4FEE-9F40-7556717431B0}.Release_Ubuntu|Any CPU.Build.0 = Release|Any CPU
		{3BB1C211-9006-4FEE-9F40-7556717431B0}.Release_Ubuntu|x64.ActiveCfg = Release|Any CPU
		{3BB1C211-9006-4FEE-9F40-7556717431B0}.Release_Ubuntu|x64.Build.0 = Release|Any CPU
		{3BB1C211-9006-4FEE-9F40-7556717431B0}.Release|Any CPU.ActiveCfg = Release|Any CPU
		{3BB1C211-9006-4FEE-9F40-7556717431B0}.Release|Any CPU.Build.0 = Release|Any CPU
		{3BB1C211-9006-4FEE-9F40-7556717431B0}.Release|x64.ActiveCfg = Release|Any CPU
		{3BB1C211-9006-4FEE-9F40-7556717431B0}.Release|x64.Build.0 = Release|Any CPU
		{C29037E3-9C2F-4996-8434-36600735D465}.Debug_Ubuntu|Any CPU.ActiveCfg = Debug|Any CPU
		{C29037E3-9C2F-4996-8434-36600735D465}.Debug_Ubuntu|Any CPU.Build.0 = Debug|Any CPU
		{C29037E3-9C2F-4996-8434-36600735D465}.Debug_Ubuntu|x64.ActiveCfg = Debug|Any CPU
		{C29037E3-9C2F-4996-8434-36600735D465}.Debug_Ubuntu|x64.Build.0 = Debug|Any CPU
		{C29037E3-9C2F-4996-8434-36600735D465}.Debug|Any CPU.ActiveCfg = Debug|Any CPU
		{C29037E3-9C2F-4996-8434-36600735D465}.Debug|Any CPU.Build.0 = Debug|Any CPU
		{C29037E3-9C2F-4996-8434-36600735D465}.Debug|x64.ActiveCfg = Debug|Any CPU
		{C29037E3-9C2F-4996-8434-36600735D465}.Debug|x64.Build.0 = Debug|Any CPU
		{C29037E3-9C2F-4996-8434-36600735D465}.Release_Ubuntu|Any CPU.ActiveCfg = Release|Any CPU
		{C29037E3-9C2F-4996-8434-36600735D465}.Release_Ubuntu|Any CPU.Build.0 = Release|Any CPU
		{C29037E3-9C2F-4996-8434-36600735D465}.Release_Ubuntu|x64.ActiveCfg = Release|Any CPU
		{C29037E3-9C2F-4996-8434-36600735D465}.Release_Ubuntu|x64.Build.0 = Release|Any CPU
		{C29037E3-9C2F-4996-8434-36600735D465}.Release|Any CPU.ActiveCfg = Release|Any CPU
		{C29037E3-9C2F-4996-8434-36600735D465}.Release|Any CPU.Build.0 = Release|Any CPU
		{C29037E3-9C2F-4996-8434-36600735D465}.Release|x64.ActiveCfg = Release|Any CPU
		{C29037E3-9C2F-4996-8434-36600735D465}.Release|x64.Build.0 = Release|Any CPU
		{B357BAC7-529E-4D81-A0D2-71041B19C8DE}.Debug_Ubuntu|Any CPU.ActiveCfg = Debug_Ubuntu|Any CPU
		{B357BAC7-529E-4D81-A0D2-71041B19C8DE}.Debug_Ubuntu|Any CPU.Build.0 = Debug_Ubuntu|Any CPU
		{B357BAC7-529E-4D81-A0D2-71041B19C8DE}.Debug_Ubuntu|x64.ActiveCfg = Debug_Ubuntu|Any CPU
		{B357BAC7-529E-4D81-A0D2-71041B19C8DE}.Debug_Ubuntu|x64.Build.0 = Debug_Ubuntu|Any CPU
		{B357BAC7-529E-4D81-A0D2-71041B19C8DE}.Debug|Any CPU.ActiveCfg = Debug|Any CPU
		{B357BAC7-529E-4D81-A0D2-71041B19C8DE}.Debug|Any CPU.Build.0 = Debug|Any CPU
		{B357BAC7-529E-4D81-A0D2-71041B19C8DE}.Debug|x64.ActiveCfg = Debug|Any CPU
		{B357BAC7-529E-4D81-A0D2-71041B19C8DE}.Debug|x64.Build.0 = Debug|Any CPU
		{B357BAC7-529E-4D81-A0D2-71041B19C8DE}.Release_Ubuntu|Any CPU.ActiveCfg = Release_Ubuntu|Any CPU
		{B357BAC7-529E-4D81-A0D2-71041B19C8DE}.Release_Ubuntu|Any CPU.Build.0 = Release_Ubuntu|Any CPU
		{B357BAC7-529E-4D81-A0D2-71041B19C8DE}.Release_Ubuntu|x64.ActiveCfg = Release_Ubuntu|Any CPU
		{B357BAC7-529E-4D81-A0D2-71041B19C8DE}.Release_Ubuntu|x64.Build.0 = Release_Ubuntu|Any CPU
		{B357BAC7-529E-4D81-A0D2-71041B19C8DE}.Release|Any CPU.ActiveCfg = Release|Any CPU
		{B357BAC7-529E-4D81-A0D2-71041B19C8DE}.Release|Any CPU.Build.0 = Release|Any CPU
		{B357BAC7-529E-4D81-A0D2-71041B19C8DE}.Release|x64.ActiveCfg = Release|Any CPU
		{B357BAC7-529E-4D81-A0D2-71041B19C8DE}.Release|x64.Build.0 = Release|Any CPU
		{958222ED-4BA0-45DD-92E5-6B72BA62ABA6}.Debug_Ubuntu|Any CPU.ActiveCfg = Debug|Any CPU
		{958222ED-4BA0-45DD-92E5-6B72BA62ABA6}.Debug_Ubuntu|Any CPU.Build.0 = Debug|Any CPU
		{958222ED-4BA0-45DD-92E5-6B72BA62ABA6}.Debug_Ubuntu|x64.ActiveCfg = Debug|Any CPU
		{958222ED-4BA0-45DD-92E5-6B72BA62ABA6}.Debug_Ubuntu|x64.Build.0 = Debug|Any CPU
		{958222ED-4BA0-45DD-92E5-6B72BA62ABA6}.Debug|Any CPU.ActiveCfg = Debug|Any CPU
		{958222ED-4BA0-45DD-92E5-6B72BA62ABA6}.Debug|Any CPU.Build.0 = Debug|Any CPU
		{958222ED-4BA0-45DD-92E5-6B72BA62ABA6}.Debug|x64.ActiveCfg = Debug|Any CPU
		{958222ED-4BA0-45DD-92E5-6B72BA62ABA6}.Debug|x64.Build.0 = Debug|Any CPU
		{958222ED-4BA0-45DD-92E5-6B72BA62ABA6}.Release_Ubuntu|Any CPU.ActiveCfg = Release|Any CPU
		{958222ED-4BA0-45DD-92E5-6B72BA62ABA6}.Release_Ubuntu|Any CPU.Build.0 = Release|Any CPU
		{958222ED-4BA0-45DD-92E5-6B72BA62ABA6}.Release_Ubuntu|x64.ActiveCfg = Release|Any CPU
		{958222ED-4BA0-45DD-92E5-6B72BA62ABA6}.Release_Ubuntu|x64.Build.0 = Release|Any CPU
		{958222ED-4BA0-45DD-92E5-6B72BA62ABA6}.Release|Any CPU.ActiveCfg = Release|Any CPU
		{958222ED-4BA0-45DD-92E5-6B72BA62ABA6}.Release|Any CPU.Build.0 = Release|Any CPU
		{958222ED-4BA0-45DD-92E5-6B72BA62ABA6}.Release|x64.ActiveCfg = Release|Any CPU
		{958222ED-4BA0-45DD-92E5-6B72BA62ABA6}.Release|x64.Build.0 = Release|Any CPU
		{7A80E47B-C82F-4A16-83F0-E0C65F22885A}.Debug_Ubuntu|Any CPU.ActiveCfg = Debug|Any CPU
		{7A80E47B-C82F-4A16-83F0-E0C65F22885A}.Debug_Ubuntu|Any CPU.Build.0 = Debug|Any CPU
		{7A80E47B-C82F-4A16-83F0-E0C65F22885A}.Debug_Ubuntu|x64.ActiveCfg = Debug|Any CPU
		{7A80E47B-C82F-4A16-83F0-E0C65F22885A}.Debug_Ubuntu|x64.Build.0 = Debug|Any CPU
		{7A80E47B-C82F-4A16-83F0-E0C65F22885A}.Debug|Any CPU.ActiveCfg = Debug|Any CPU
		{7A80E47B-C82F-4A16-83F0-E0C65F22885A}.Debug|Any CPU.Build.0 = Debug|Any CPU
		{7A80E47B-C82F-4A16-83F0-E0C65F22885A}.Debug|x64.ActiveCfg = Debug|Any CPU
		{7A80E47B-C82F-4A16-83F0-E0C65F22885A}.Debug|x64.Build.0 = Debug|Any CPU
		{7A80E47B-C82F-4A16-83F0-E0C65F22885A}.Release_Ubuntu|Any CPU.ActiveCfg = Release|Any CPU
		{7A80E47B-C82F-4A16-83F0-E0C65F22885A}.Release_Ubuntu|Any CPU.Build.0 = Release|Any CPU
		{7A80E47B-C82F-4A16-83F0-E0C65F22885A}.Release_Ubuntu|x64.ActiveCfg = Release|Any CPU
		{7A80E47B-C82F-4A16-83F0-E0C65F22885A}.Release_Ubuntu|x64.Build.0 = Release|Any CPU
		{7A80E47B-C82F-4A16-83F0-E0C65F22885A}.Release|Any CPU.ActiveCfg = Release|Any CPU
		{7A80E47B-C82F-4A16-83F0-E0C65F22885A}.Release|Any CPU.Build.0 = Release|Any CPU
		{7A80E47B-C82F-4A16-83F0-E0C65F22885A}.Release|x64.ActiveCfg = Release|Any CPU
		{7A80E47B-C82F-4A16-83F0-E0C65F22885A}.Release|x64.Build.0 = Release|Any CPU
		{D184BF09-FD6D-4F36-BC6E-BF05E763E3AC}.Debug_Ubuntu|Any CPU.ActiveCfg = Debug|Any CPU
		{D184BF09-FD6D-4F36-BC6E-BF05E763E3AC}.Debug_Ubuntu|Any CPU.Build.0 = Debug|Any CPU
		{D184BF09-FD6D-4F36-BC6E-BF05E763E3AC}.Debug_Ubuntu|x64.ActiveCfg = Debug|Any CPU
		{D184BF09-FD6D-4F36-BC6E-BF05E763E3AC}.Debug_Ubuntu|x64.Build.0 = Debug|Any CPU
		{D184BF09-FD6D-4F36-BC6E-BF05E763E3AC}.Debug|Any CPU.ActiveCfg = Debug|Any CPU
		{D184BF09-FD6D-4F36-BC6E-BF05E763E3AC}.Debug|Any CPU.Build.0 = Debug|Any CPU
		{D184BF09-FD6D-4F36-BC6E-BF05E763E3AC}.Debug|x64.ActiveCfg = Debug|Any CPU
		{D184BF09-FD6D-4F36-BC6E-BF05E763E3AC}.Debug|x64.Build.0 = Debug|Any CPU
		{D184BF09-FD6D-4F36-BC6E-BF05E763E3AC}.Release_Ubuntu|Any CPU.ActiveCfg = Release|Any CPU
		{D184BF09-FD6D-4F36-BC6E-BF05E763E3AC}.Release_Ubuntu|Any CPU.Build.0 = Release|Any CPU
		{D184BF09-FD6D-4F36-BC6E-BF05E763E3AC}.Release_Ubuntu|x64.ActiveCfg = Release|Any CPU
		{D184BF09-FD6D-4F36-BC6E-BF05E763E3AC}.Release_Ubuntu|x64.Build.0 = Release|Any CPU
		{D184BF09-FD6D-4F36-BC6E-BF05E763E3AC}.Release|Any CPU.ActiveCfg = Release|Any CPU
		{D184BF09-FD6D-4F36-BC6E-BF05E763E3AC}.Release|Any CPU.Build.0 = Release|Any CPU
		{D184BF09-FD6D-4F36-BC6E-BF05E763E3AC}.Release|x64.ActiveCfg = Release|Any CPU
		{D184BF09-FD6D-4F36-BC6E-BF05E763E3AC}.Release|x64.Build.0 = Release|Any CPU
		{30F11E8A-A8D2-48C7-9D86-D5D007A47609}.Debug_Ubuntu|Any CPU.ActiveCfg = Debug|Any CPU
		{30F11E8A-A8D2-48C7-9D86-D5D007A47609}.Debug_Ubuntu|Any CPU.Build.0 = Debug|Any CPU
		{30F11E8A-A8D2-48C7-9D86-D5D007A47609}.Debug_Ubuntu|x64.ActiveCfg = Debug|Any CPU
		{30F11E8A-A8D2-48C7-9D86-D5D007A47609}.Debug_Ubuntu|x64.Build.0 = Debug|Any CPU
		{30F11E8A-A8D2-48C7-9D86-D5D007A47609}.Debug|Any CPU.ActiveCfg = Debug|Any CPU
		{30F11E8A-A8D2-48C7-9D86-D5D007A47609}.Debug|Any CPU.Build.0 = Debug|Any CPU
		{30F11E8A-A8D2-48C7-9D86-D5D007A47609}.Debug|x64.ActiveCfg = Debug|Any CPU
		{30F11E8A-A8D2-48C7-9D86-D5D007A47609}.Debug|x64.Build.0 = Debug|Any CPU
		{30F11E8A-A8D2-48C7-9D86-D5D007A47609}.Release_Ubuntu|Any CPU.ActiveCfg = Release|Any CPU
		{30F11E8A-A8D2-48C7-9D86-D5D007A47609}.Release_Ubuntu|Any CPU.Build.0 = Release|Any CPU
		{30F11E8A-A8D2-48C7-9D86-D5D007A47609}.Release_Ubuntu|x64.ActiveCfg = Release|Any CPU
		{30F11E8A-A8D2-48C7-9D86-D5D007A47609}.Release_Ubuntu|x64.Build.0 = Release|Any CPU
		{30F11E8A-A8D2-48C7-9D86-D5D007A47609}.Release|Any CPU.ActiveCfg = Release|Any CPU
		{30F11E8A-A8D2-48C7-9D86-D5D007A47609}.Release|Any CPU.Build.0 = Release|Any CPU
		{30F11E8A-A8D2-48C7-9D86-D5D007A47609}.Release|x64.ActiveCfg = Release|Any CPU
		{30F11E8A-A8D2-48C7-9D86-D5D007A47609}.Release|x64.Build.0 = Release|Any CPU
		{7941EAC6-25F8-4D85-A089-EEA56698D00B}.Debug_Ubuntu|Any CPU.ActiveCfg = Debug|Any CPU
		{7941EAC6-25F8-4D85-A089-EEA56698D00B}.Debug_Ubuntu|Any CPU.Build.0 = Debug|Any CPU
		{7941EAC6-25F8-4D85-A089-EEA56698D00B}.Debug_Ubuntu|x64.ActiveCfg = Debug|Any CPU
		{7941EAC6-25F8-4D85-A089-EEA56698D00B}.Debug_Ubuntu|x64.Build.0 = Debug|Any CPU
		{7941EAC6-25F8-4D85-A089-EEA56698D00B}.Debug|Any CPU.ActiveCfg = Debug|Any CPU
		{7941EAC6-25F8-4D85-A089-EEA56698D00B}.Debug|Any CPU.Build.0 = Debug|Any CPU
		{7941EAC6-25F8-4D85-A089-EEA56698D00B}.Debug|x64.ActiveCfg = Debug|Any CPU
		{7941EAC6-25F8-4D85-A089-EEA56698D00B}.Debug|x64.Build.0 = Debug|Any CPU
		{7941EAC6-25F8-4D85-A089-EEA56698D00B}.Release_Ubuntu|Any CPU.ActiveCfg = Release|Any CPU
		{7941EAC6-25F8-4D85-A089-EEA56698D00B}.Release_Ubuntu|Any CPU.Build.0 = Release|Any CPU
		{7941EAC6-25F8-4D85-A089-EEA56698D00B}.Release_Ubuntu|x64.ActiveCfg = Release|Any CPU
		{7941EAC6-25F8-4D85-A089-EEA56698D00B}.Release_Ubuntu|x64.Build.0 = Release|Any CPU
		{7941EAC6-25F8-4D85-A089-EEA56698D00B}.Release|Any CPU.ActiveCfg = Release|Any CPU
		{7941EAC6-25F8-4D85-A089-EEA56698D00B}.Release|Any CPU.Build.0 = Release|Any CPU
		{7941EAC6-25F8-4D85-A089-EEA56698D00B}.Release|x64.ActiveCfg = Release|Any CPU
		{7941EAC6-25F8-4D85-A089-EEA56698D00B}.Release|x64.Build.0 = Release|Any CPU
		{CE5F0847-F8B5-4B95-8E86-E007FCDC92A3}.Debug_Ubuntu|Any CPU.ActiveCfg = Debug|Any CPU
		{CE5F0847-F8B5-4B95-8E86-E007FCDC92A3}.Debug_Ubuntu|Any CPU.Build.0 = Debug|Any CPU
		{CE5F0847-F8B5-4B95-8E86-E007FCDC92A3}.Debug_Ubuntu|x64.ActiveCfg = Debug|Any CPU
		{CE5F0847-F8B5-4B95-8E86-E007FCDC92A3}.Debug_Ubuntu|x64.Build.0 = Debug|Any CPU
		{CE5F0847-F8B5-4B95-8E86-E007FCDC92A3}.Debug|Any CPU.ActiveCfg = Debug|Any CPU
		{CE5F0847-F8B5-4B95-8E86-E007FCDC92A3}.Debug|Any CPU.Build.0 = Debug|Any CPU
		{CE5F0847-F8B5-4B95-8E86-E007FCDC92A3}.Debug|x64.ActiveCfg = Debug|Any CPU
		{CE5F0847-F8B5-4B95-8E86-E007FCDC92A3}.Debug|x64.Build.0 = Debug|Any CPU
		{CE5F0847-F8B5-4B95-8E86-E007FCDC92A3}.Release_Ubuntu|Any CPU.ActiveCfg = Release|Any CPU
		{CE5F0847-F8B5-4B95-8E86-E007FCDC92A3}.Release_Ubuntu|Any CPU.Build.0 = Release|Any CPU
		{CE5F0847-F8B5-4B95-8E86-E007FCDC92A3}.Release_Ubuntu|x64.ActiveCfg = Release|Any CPU
		{CE5F0847-F8B5-4B95-8E86-E007FCDC92A3}.Release_Ubuntu|x64.Build.0 = Release|Any CPU
		{CE5F0847-F8B5-4B95-8E86-E007FCDC92A3}.Release|Any CPU.ActiveCfg = Release|Any CPU
		{CE5F0847-F8B5-4B95-8E86-E007FCDC92A3}.Release|Any CPU.Build.0 = Release|Any CPU
		{CE5F0847-F8B5-4B95-8E86-E007FCDC92A3}.Release|x64.ActiveCfg = Release|Any CPU
		{CE5F0847-F8B5-4B95-8E86-E007FCDC92A3}.Release|x64.Build.0 = Release|Any CPU
		{786F3627-BC95-4C92-9240-B0CD3D8BBB58}.Debug_Ubuntu|Any CPU.ActiveCfg = Debug|Any CPU
		{786F3627-BC95-4C92-9240-B0CD3D8BBB58}.Debug_Ubuntu|Any CPU.Build.0 = Debug|Any CPU
		{786F3627-BC95-4C92-9240-B0CD3D8BBB58}.Debug_Ubuntu|x64.ActiveCfg = Debug|Any CPU
		{786F3627-BC95-4C92-9240-B0CD3D8BBB58}.Debug_Ubuntu|x64.Build.0 = Debug|Any CPU
		{786F3627-BC95-4C92-9240-B0CD3D8BBB58}.Debug|Any CPU.ActiveCfg = Debug|Any CPU
		{786F3627-BC95-4C92-9240-B0CD3D8BBB58}.Debug|Any CPU.Build.0 = Debug|Any CPU
		{786F3627-BC95-4C92-9240-B0CD3D8BBB58}.Debug|x64.ActiveCfg = Debug|Any CPU
		{786F3627-BC95-4C92-9240-B0CD3D8BBB58}.Debug|x64.Build.0 = Debug|Any CPU
		{786F3627-BC95-4C92-9240-B0CD3D8BBB58}.Release_Ubuntu|Any CPU.ActiveCfg = Release|Any CPU
		{786F3627-BC95-4C92-9240-B0CD3D8BBB58}.Release_Ubuntu|Any CPU.Build.0 = Release|Any CPU
		{786F3627-BC95-4C92-9240-B0CD3D8BBB58}.Release_Ubuntu|x64.ActiveCfg = Release|Any CPU
		{786F3627-BC95-4C92-9240-B0CD3D8BBB58}.Release_Ubuntu|x64.Build.0 = Release|Any CPU
		{786F3627-BC95-4C92-9240-B0CD3D8BBB58}.Release|Any CPU.ActiveCfg = Release|Any CPU
		{786F3627-BC95-4C92-9240-B0CD3D8BBB58}.Release|Any CPU.Build.0 = Release|Any CPU
		{786F3627-BC95-4C92-9240-B0CD3D8BBB58}.Release|x64.ActiveCfg = Release|Any CPU
		{786F3627-BC95-4C92-9240-B0CD3D8BBB58}.Release|x64.Build.0 = Release|Any CPU
		{6FFEFEF0-8B67-45C8-9ABA-A1E6D276B1C2}.Debug_Ubuntu|Any CPU.ActiveCfg = Debug|Any CPU
		{6FFEFEF0-8B67-45C8-9ABA-A1E6D276B1C2}.Debug_Ubuntu|Any CPU.Build.0 = Debug|Any CPU
		{6FFEFEF0-8B67-45C8-9ABA-A1E6D276B1C2}.Debug_Ubuntu|x64.ActiveCfg = Debug|Any CPU
		{6FFEFEF0-8B67-45C8-9ABA-A1E6D276B1C2}.Debug_Ubuntu|x64.Build.0 = Debug|Any CPU
		{6FFEFEF0-8B67-45C8-9ABA-A1E6D276B1C2}.Debug|Any CPU.ActiveCfg = Debug|Any CPU
		{6FFEFEF0-8B67-45C8-9ABA-A1E6D276B1C2}.Debug|Any CPU.Build.0 = Debug|Any CPU
		{6FFEFEF0-8B67-45C8-9ABA-A1E6D276B1C2}.Debug|x64.ActiveCfg = Debug|Any CPU
		{6FFEFEF0-8B67-45C8-9ABA-A1E6D276B1C2}.Debug|x64.Build.0 = Debug|Any CPU
		{6FFEFEF0-8B67-45C8-9ABA-A1E6D276B1C2}.Release_Ubuntu|Any CPU.ActiveCfg = Release|Any CPU
		{6FFEFEF0-8B67-45C8-9ABA-A1E6D276B1C2}.Release_Ubuntu|Any CPU.Build.0 = Release|Any CPU
		{6FFEFEF0-8B67-45C8-9ABA-A1E6D276B1C2}.Release_Ubuntu|x64.ActiveCfg = Release|Any CPU
		{6FFEFEF0-8B67-45C8-9ABA-A1E6D276B1C2}.Release_Ubuntu|x64.Build.0 = Release|Any CPU
		{6FFEFEF0-8B67-45C8-9ABA-A1E6D276B1C2}.Release|Any CPU.ActiveCfg = Release|Any CPU
		{6FFEFEF0-8B67-45C8-9ABA-A1E6D276B1C2}.Release|Any CPU.Build.0 = Release|Any CPU
		{6FFEFEF0-8B67-45C8-9ABA-A1E6D276B1C2}.Release|x64.ActiveCfg = Release|Any CPU
		{6FFEFEF0-8B67-45C8-9ABA-A1E6D276B1C2}.Release|x64.Build.0 = Release|Any CPU
		{5D420F78-C169-4615-ACB2-A039BF8ACBD6}.Debug_Ubuntu|Any CPU.ActiveCfg = Debug|Any CPU
		{5D420F78-C169-4615-ACB2-A039BF8ACBD6}.Debug_Ubuntu|Any CPU.Build.0 = Debug|Any CPU
		{5D420F78-C169-4615-ACB2-A039BF8ACBD6}.Debug_Ubuntu|x64.ActiveCfg = Debug|Any CPU
		{5D420F78-C169-4615-ACB2-A039BF8ACBD6}.Debug_Ubuntu|x64.Build.0 = Debug|Any CPU
		{5D420F78-C169-4615-ACB2-A039BF8ACBD6}.Debug|Any CPU.ActiveCfg = Debug|Any CPU
		{5D420F78-C169-4615-ACB2-A039BF8ACBD6}.Debug|Any CPU.Build.0 = Debug|Any CPU
		{5D420F78-C169-4615-ACB2-A039BF8ACBD6}.Debug|x64.ActiveCfg = Debug|Any CPU
		{5D420F78-C169-4615-ACB2-A039BF8ACBD6}.Debug|x64.Build.0 = Debug|Any CPU
		{5D420F78-C169-4615-ACB2-A039BF8ACBD6}.Release_Ubuntu|Any CPU.ActiveCfg = Release|Any CPU
		{5D420F78-C169-4615-ACB2-A039BF8ACBD6}.Release_Ubuntu|Any CPU.Build.0 = Release|Any CPU
		{5D420F78-C169-4615-ACB2-A039BF8ACBD6}.Release_Ubuntu|x64.ActiveCfg = Release|Any CPU
		{5D420F78-C169-4615-ACB2-A039BF8ACBD6}.Release_Ubuntu|x64.Build.0 = Release|Any CPU
		{5D420F78-C169-4615-ACB2-A039BF8ACBD6}.Release|Any CPU.ActiveCfg = Release|Any CPU
		{5D420F78-C169-4615-ACB2-A039BF8ACBD6}.Release|Any CPU.Build.0 = Release|Any CPU
		{5D420F78-C169-4615-ACB2-A039BF8ACBD6}.Release|x64.ActiveCfg = Release|Any CPU
		{5D420F78-C169-4615-ACB2-A039BF8ACBD6}.Release|x64.Build.0 = Release|Any CPU
		{9FF69878-E3D3-459D-A779-A6CB0091DE75}.Debug_Ubuntu|Any CPU.ActiveCfg = Debug|Any CPU
		{9FF69878-E3D3-459D-A779-A6CB0091DE75}.Debug_Ubuntu|Any CPU.Build.0 = Debug|Any CPU
		{9FF69878-E3D3-459D-A779-A6CB0091DE75}.Debug_Ubuntu|x64.ActiveCfg = Debug|Any CPU
		{9FF69878-E3D3-459D-A779-A6CB0091DE75}.Debug_Ubuntu|x64.Build.0 = Debug|Any CPU
		{9FF69878-E3D3-459D-A779-A6CB0091DE75}.Debug|Any CPU.ActiveCfg = Debug|Any CPU
		{9FF69878-E3D3-459D-A779-A6CB0091DE75}.Debug|Any CPU.Build.0 = Debug|Any CPU
		{9FF69878-E3D3-459D-A779-A6CB0091DE75}.Debug|x64.ActiveCfg = Debug|Any CPU
		{9FF69878-E3D3-459D-A779-A6CB0091DE75}.Debug|x64.Build.0 = Debug|Any CPU
		{9FF69878-E3D3-459D-A779-A6CB0091DE75}.Release_Ubuntu|Any CPU.ActiveCfg = Release|Any CPU
		{9FF69878-E3D3-459D-A779-A6CB0091DE75}.Release_Ubuntu|Any CPU.Build.0 = Release|Any CPU
		{9FF69878-E3D3-459D-A779-A6CB0091DE75}.Release_Ubuntu|x64.ActiveCfg = Release|Any CPU
		{9FF69878-E3D3-459D-A779-A6CB0091DE75}.Release_Ubuntu|x64.Build.0 = Release|Any CPU
		{9FF69878-E3D3-459D-A779-A6CB0091DE75}.Release|Any CPU.ActiveCfg = Release|Any CPU
		{9FF69878-E3D3-459D-A779-A6CB0091DE75}.Release|Any CPU.Build.0 = Release|Any CPU
		{9FF69878-E3D3-459D-A779-A6CB0091DE75}.Release|x64.ActiveCfg = Release|Any CPU
		{9FF69878-E3D3-459D-A779-A6CB0091DE75}.Release|x64.Build.0 = Release|Any CPU
	EndGlobalSection
	GlobalSection(SolutionProperties) = preSolution
		HideSolutionNode = FALSE
	EndGlobalSection
	GlobalSection(ExtensibilityGlobals) = postSolution
		SolutionGuid = {8087BF93-DCE6-4CF4-9C92-4BEF5650E9CE}
	EndGlobalSection
EndGlobal
