
Microsoft Visual Studio Solution File, Format Version 12.00
# Visual Studio 15
VisualStudioVersion = 15.0.27428.2015
MinimumVisualStudioVersion = 10.0.40219.1
Project("{FAE04EC0-301F-11D3-BF4B-00C04F79EFBC}") = "BandwidthLimiting.Server", "BandwidthLimiting.Server\BandwidthLimiting.Server.csproj", "{B990D6C9-3C25-488C-8193-F7DD96BF1385}"
EndProject
Project("{FAE04EC0-301F-11D3-BF4B-00C04F79EFBC}") = "BandwidthLimiting.Messaging", "..\BandwidthLimiting\BandwidthLimiting.Messaging\BandwidthLimiting.Messaging.csproj", "{84B0457C-ACC7-4839-B982-D4C915AE4153}"
EndProject
Global
	GlobalSection(SolutionConfigurationPlatforms) = preSolution
		Debug|Any CPU = Debug|Any CPU
		Release|Any CPU = Release|Any CPU
	EndGlobalSection
	GlobalSection(ProjectConfigurationPlatforms) = postSolution
		{B990D6C9-3C25-488C-8193-F7DD96BF1385}.Debug|Any CPU.ActiveCfg = Debug|Any CPU
		{B990D6C9-3C25-488C-8193-F7DD96BF1385}.Debug|Any CPU.Build.0 = Debug|Any CPU
		{B990D6C9-3C25-488C-8193-F7DD96BF1385}.Release|Any CPU.ActiveCfg = Release|Any CPU
		{B990D6C9-3C25-488C-8193-F7DD96BF1385}.Release|Any CPU.Build.0 = Release|Any CPU
		{84B0457C-ACC7-4839-B982-D4C915AE4153}.Debug|Any CPU.ActiveCfg = Debug|Any CPU
		{84B0457C-ACC7-4839-B982-D4C915AE4153}.Debug|Any CPU.Build.0 = Debug|Any CPU
		{84B0457C-ACC7-4839-B982-D4C915AE4153}.Release|Any CPU.ActiveCfg = Release|Any CPU
		{84B0457C-ACC7-4839-B982-D4C915AE4153}.Release|Any CPU.Build.0 = Release|Any CPU
	EndGlobalSection
	GlobalSection(SolutionProperties) = preSolution
		HideSolutionNode = FALSE
	EndGlobalSection
	GlobalSection(ExtensibilityGlobals) = postSolution
		SolutionGuid = {0A9D77FB-1B17-4C63-B0E2-97D4E447D5AD}
	EndGlobalSection
EndGlobal
