
Microsoft Visual Studio Solution File, Format Version 12.00
# Visual Studio 15
VisualStudioVersion = 15.0.27703.2018
MinimumVisualStudioVersion = 10.0.40219.1
Project("{FAE04EC0-301F-11D3-BF4B-00C04F79EFBC}") = "Mitto.ServerManager", "Mitto.ServerManager\Mitto.ServerManager.csproj", "{A6F9DAE3-8537-49E1-AE2E-13A2DC3FF9B8}"
EndProject
Project("{FAE04EC0-301F-11D3-BF4B-00C04F79EFBC}") = "Mitto.ClientManager", "Mitto.ClientManager\Mitto.ClientManager.csproj", "{CA4B0313-343A-4837-A437-76060C3DB728}"
EndProject
Project("{FAE04EC0-301F-11D3-BF4B-00C04F79EFBC}") = "Mitto.Connection.Websocket", "Mitto.Connection.Websocket\Mitto.Connection.Websocket.csproj", "{CF99D3F2-2C06-4A9F-BA22-E2E0CA457B58}"
EndProject
Project("{FAE04EC0-301F-11D3-BF4B-00C04F79EFBC}") = "Mitto.IConnection", "Mitto.IConnection\Mitto.IConnection.csproj", "{AAF65EBA-E48D-491A-AD2E-525BDE11EC6F}"
EndProject
Project("{FAE04EC0-301F-11D3-BF4B-00C04F79EFBC}") = "Mitto.IMessaging", "Mitto.IMessaging\Mitto.IMessaging.csproj", "{3BB1C211-9006-4FEE-9F40-7556717431B0}"
EndProject
Project("{FAE04EC0-301F-11D3-BF4B-00C04F79EFBC}") = "Mitto.IQueue", "Mitto.IQueue\Mitto.IQueue.csproj", "{7A80E47B-C82F-4A16-83F0-E0C65F22885A}"
EndProject
Project("{FAE04EC0-301F-11D3-BF4B-00C04F79EFBC}") = "Mitto.Messaging.Base", "Mitto.Messaging.Base\Mitto.Messaging.Base.csproj", "{C29037E3-9C2F-4996-8434-36600735D465}"
EndProject
Project("{FAE04EC0-301F-11D3-BF4B-00C04F79EFBC}") = "Mitto.Queue.PassThrough", "Mitto.Queue.PassThrough\Mitto.Queue.PassThrough.csproj", "{CE5F0847-F8B5-4B95-8E86-E007FCDC92A3}"
EndProject
Project("{FAE04EC0-301F-11D3-BF4B-00C04F79EFBC}") = "Mitto.Queue.RabbitMQ", "Mitto.Queue.RabbitMQ\Mitto.Queue.RabbitMQ.csproj", "{3CB0E6C9-133E-49D7-A393-4FCC9DDEB72B}"
EndProject
Project("{FAE04EC0-301F-11D3-BF4B-00C04F79EFBC}") = "Mitto.Queue.RabbitMQ.Consumer", "Mitto.Queue.RabbitMQ.Consumer\Mitto.Queue.RabbitMQ.Consumer.csproj", "{7B0C911D-76E3-494E-B019-DC4974A24810}"
EndProject
Project("{FAE04EC0-301F-11D3-BF4B-00C04F79EFBC}") = "Mitto.Queue.RabbitMQ.Publisher", "Mitto.Queue.RabbitMQ.Publisher\Mitto.Queue.RabbitMQ.Publisher.csproj", "{D4558880-23EF-40E4-8E13-402D8A61A1E7}"
EndProject
Project("{FAE04EC0-301F-11D3-BF4B-00C04F79EFBC}") = "websocket-sharp", "Lib\websocketsharp\websocket-sharp\websocket-sharp.csproj", "{B357BAC7-529E-4D81-A0D2-71041B19C8DE}"
EndProject
Project("{FAE04EC0-301F-11D3-BF4B-00C04F79EFBC}") = "Mitto", "Mitto\Mitto.csproj", "{2CE575FC-7F33-45F9-A977-9A40266158CA}"
EndProject
Project("{FAE04EC0-301F-11D3-BF4B-00C04F79EFBC}") = "Mitto.Messaging.Json", "Mitto.Messaging.Json.Base\Mitto.Messaging.Json.csproj", "{786F3627-BC95-4C92-9240-B0CD3D8BBB58}"
EndProject
Project("{2150E333-8FDC-42A3-9474-1A3956D46DE8}") = "Solution Items", "Solution Items", "{2C9ECECD-58D5-4386-AEF4-AADEC8D38DC8}"
	ProjectSection(SolutionItems) = preProject
		Readme.md = Readme.md
	EndProjectSection
EndProject
Global
	GlobalSection(SolutionConfigurationPlatforms) = preSolution
		Debug_Ubuntu|Any CPU = Debug_Ubuntu|Any CPU
		Debug_Ubuntu|x64 = Debug_Ubuntu|x64
		Debug|Any CPU = Debug|Any CPU
		Debug|x64 = Debug|x64
		Release_Ubuntu|Any CPU = Release_Ubuntu|Any CPU
		Release_Ubuntu|x64 = Release_Ubuntu|x64
		Release|Any CPU = Release|Any CPU
		Release|x64 = Release|x64
	EndGlobalSection
	GlobalSection(ProjectConfigurationPlatforms) = postSolution
		{A6F9DAE3-8537-49E1-AE2E-13A2DC3FF9B8}.Debug_Ubuntu|Any CPU.ActiveCfg = Debug|Any CPU
		{A6F9DAE3-8537-49E1-AE2E-13A2DC3FF9B8}.Debug_Ubuntu|Any CPU.Build.0 = Debug|Any CPU
		{A6F9DAE3-8537-49E1-AE2E-13A2DC3FF9B8}.Debug_Ubuntu|x64.ActiveCfg = Debug|x64
		{A6F9DAE3-8537-49E1-AE2E-13A2DC3FF9B8}.Debug_Ubuntu|x64.Build.0 = Debug|x64
		{A6F9DAE3-8537-49E1-AE2E-13A2DC3FF9B8}.Debug|Any CPU.ActiveCfg = Debug|Any CPU
		{A6F9DAE3-8537-49E1-AE2E-13A2DC3FF9B8}.Debug|Any CPU.Build.0 = Debug|Any CPU
		{A6F9DAE3-8537-49E1-AE2E-13A2DC3FF9B8}.Debug|x64.ActiveCfg = Debug|x64
		{A6F9DAE3-8537-49E1-AE2E-13A2DC3FF9B8}.Debug|x64.Build.0 = Debug|x64
		{A6F9DAE3-8537-49E1-AE2E-13A2DC3FF9B8}.Release_Ubuntu|Any CPU.ActiveCfg = Release|Any CPU
		{A6F9DAE3-8537-49E1-AE2E-13A2DC3FF9B8}.Release_Ubuntu|Any CPU.Build.0 = Release|Any CPU
		{A6F9DAE3-8537-49E1-AE2E-13A2DC3FF9B8}.Release_Ubuntu|x64.ActiveCfg = Release|x64
		{A6F9DAE3-8537-49E1-AE2E-13A2DC3FF9B8}.Release_Ubuntu|x64.Build.0 = Release|x64
		{A6F9DAE3-8537-49E1-AE2E-13A2DC3FF9B8}.Release|Any CPU.ActiveCfg = Release|Any CPU
		{A6F9DAE3-8537-49E1-AE2E-13A2DC3FF9B8}.Release|Any CPU.Build.0 = Release|Any CPU
		{A6F9DAE3-8537-49E1-AE2E-13A2DC3FF9B8}.Release|x64.ActiveCfg = Release|x64
		{A6F9DAE3-8537-49E1-AE2E-13A2DC3FF9B8}.Release|x64.Build.0 = Release|x64
		{CA4B0313-343A-4837-A437-76060C3DB728}.Debug_Ubuntu|Any CPU.ActiveCfg = Debug|Any CPU
		{CA4B0313-343A-4837-A437-76060C3DB728}.Debug_Ubuntu|Any CPU.Build.0 = Debug|Any CPU
		{CA4B0313-343A-4837-A437-76060C3DB728}.Debug_Ubuntu|x64.ActiveCfg = Debug|Any CPU
		{CA4B0313-343A-4837-A437-76060C3DB728}.Debug_Ubuntu|x64.Build.0 = Debug|Any CPU
		{CA4B0313-343A-4837-A437-76060C3DB728}.Debug|Any CPU.ActiveCfg = Debug|Any CPU
		{CA4B0313-343A-4837-A437-76060C3DB728}.Debug|Any CPU.Build.0 = Debug|Any CPU
		{CA4B0313-343A-4837-A437-76060C3DB728}.Debug|x64.ActiveCfg = Debug|Any CPU
		{CA4B0313-343A-4837-A437-76060C3DB728}.Debug|x64.Build.0 = Debug|Any CPU
		{CA4B0313-343A-4837-A437-76060C3DB728}.Release_Ubuntu|Any CPU.ActiveCfg = Release|Any CPU
		{CA4B0313-343A-4837-A437-76060C3DB728}.Release_Ubuntu|Any CPU.Build.0 = Release|Any CPU
		{CA4B0313-343A-4837-A437-76060C3DB728}.Release_Ubuntu|x64.ActiveCfg = Release|Any CPU
		{CA4B0313-343A-4837-A437-76060C3DB728}.Release_Ubuntu|x64.Build.0 = Release|Any CPU
		{CA4B0313-343A-4837-A437-76060C3DB728}.Release|Any CPU.ActiveCfg = Release|Any CPU
		{CA4B0313-343A-4837-A437-76060C3DB728}.Release|Any CPU.Build.0 = Release|Any CPU
		{CA4B0313-343A-4837-A437-76060C3DB728}.Release|x64.ActiveCfg = Release|Any CPU
		{CA4B0313-343A-4837-A437-76060C3DB728}.Release|x64.Build.0 = Release|Any CPU
		{CF99D3F2-2C06-4A9F-BA22-E2E0CA457B58}.Debug_Ubuntu|Any CPU.ActiveCfg = Debug|Any CPU
		{CF99D3F2-2C06-4A9F-BA22-E2E0CA457B58}.Debug_Ubuntu|Any CPU.Build.0 = Debug|Any CPU
		{CF99D3F2-2C06-4A9F-BA22-E2E0CA457B58}.Debug_Ubuntu|x64.ActiveCfg = Debug|Any CPU
		{CF99D3F2-2C06-4A9F-BA22-E2E0CA457B58}.Debug_Ubuntu|x64.Build.0 = Debug|Any CPU
		{CF99D3F2-2C06-4A9F-BA22-E2E0CA457B58}.Debug|Any CPU.ActiveCfg = Debug|Any CPU
		{CF99D3F2-2C06-4A9F-BA22-E2E0CA457B58}.Debug|Any CPU.Build.0 = Debug|Any CPU
		{CF99D3F2-2C06-4A9F-BA22-E2E0CA457B58}.Debug|x64.ActiveCfg = Debug|Any CPU
		{CF99D3F2-2C06-4A9F-BA22-E2E0CA457B58}.Debug|x64.Build.0 = Debug|Any CPU
		{CF99D3F2-2C06-4A9F-BA22-E2E0CA457B58}.Release_Ubuntu|Any CPU.ActiveCfg = Release|Any CPU
		{CF99D3F2-2C06-4A9F-BA22-E2E0CA457B58}.Release_Ubuntu|Any CPU.Build.0 = Release|Any CPU
		{CF99D3F2-2C06-4A9F-BA22-E2E0CA457B58}.Release_Ubuntu|x64.ActiveCfg = Release|Any CPU
		{CF99D3F2-2C06-4A9F-BA22-E2E0CA457B58}.Release_Ubuntu|x64.Build.0 = Release|Any CPU
		{CF99D3F2-2C06-4A9F-BA22-E2E0CA457B58}.Release|Any CPU.ActiveCfg = Release|Any CPU
		{CF99D3F2-2C06-4A9F-BA22-E2E0CA457B58}.Release|Any CPU.Build.0 = Release|Any CPU
		{CF99D3F2-2C06-4A9F-BA22-E2E0CA457B58}.Release|x64.ActiveCfg = Release|Any CPU
		{CF99D3F2-2C06-4A9F-BA22-E2E0CA457B58}.Release|x64.Build.0 = Release|Any CPU
		{AAF65EBA-E48D-491A-AD2E-525BDE11EC6F}.Debug_Ubuntu|Any CPU.ActiveCfg = Debug|Any CPU
		{AAF65EBA-E48D-491A-AD2E-525BDE11EC6F}.Debug_Ubuntu|Any CPU.Build.0 = Debug|Any CPU
		{AAF65EBA-E48D-491A-AD2E-525BDE11EC6F}.Debug_Ubuntu|x64.ActiveCfg = Debug|Any CPU
		{AAF65EBA-E48D-491A-AD2E-525BDE11EC6F}.Debug_Ubuntu|x64.Build.0 = Debug|Any CPU
		{AAF65EBA-E48D-491A-AD2E-525BDE11EC6F}.Debug|Any CPU.ActiveCfg = Debug|Any CPU
		{AAF65EBA-E48D-491A-AD2E-525BDE11EC6F}.Debug|Any CPU.Build.0 = Debug|Any CPU
		{AAF65EBA-E48D-491A-AD2E-525BDE11EC6F}.Debug|x64.ActiveCfg = Debug|Any CPU
		{AAF65EBA-E48D-491A-AD2E-525BDE11EC6F}.Debug|x64.Build.0 = Debug|Any CPU
		{AAF65EBA-E48D-491A-AD2E-525BDE11EC6F}.Release_Ubuntu|Any CPU.ActiveCfg = Release|Any CPU
		{AAF65EBA-E48D-491A-AD2E-525BDE11EC6F}.Release_Ubuntu|Any CPU.Build.0 = Release|Any CPU
		{AAF65EBA-E48D-491A-AD2E-525BDE11EC6F}.Release_Ubuntu|x64.ActiveCfg = Release|Any CPU
		{AAF65EBA-E48D-491A-AD2E-525BDE11EC6F}.Release_Ubuntu|x64.Build.0 = Release|Any CPU
		{AAF65EBA-E48D-491A-AD2E-525BDE11EC6F}.Release|Any CPU.ActiveCfg = Release|Any CPU
		{AAF65EBA-E48D-491A-AD2E-525BDE11EC6F}.Release|Any CPU.Build.0 = Release|Any CPU
		{AAF65EBA-E48D-491A-AD2E-525BDE11EC6F}.Release|x64.ActiveCfg = Release|Any CPU
		{AAF65EBA-E48D-491A-AD2E-525BDE11EC6F}.Release|x64.Build.0 = Release|Any CPU
		{3BB1C211-9006-4FEE-9F40-7556717431B0}.Debug_Ubuntu|Any CPU.ActiveCfg = Debug|Any CPU
		{3BB1C211-9006-4FEE-9F40-7556717431B0}.Debug_Ubuntu|Any CPU.Build.0 = Debug|Any CPU
		{3BB1C211-9006-4FEE-9F40-7556717431B0}.Debug_Ubuntu|x64.ActiveCfg = Debug|Any CPU
		{3BB1C211-9006-4FEE-9F40-7556717431B0}.Debug_Ubuntu|x64.Build.0 = Debug|Any CPU
		{3BB1C211-9006-4FEE-9F40-7556717431B0}.Debug|Any CPU.ActiveCfg = Debug|Any CPU
		{3BB1C211-9006-4FEE-9F40-7556717431B0}.Debug|Any CPU.Build.0 = Debug|Any CPU
		{3BB1C211-9006-4FEE-9F40-7556717431B0}.Debug|x64.ActiveCfg = Debug|Any CPU
		{3BB1C211-9006-4FEE-9F40-7556717431B0}.Debug|x64.Build.0 = Debug|Any CPU
		{3BB1C211-9006-4FEE-9F40-7556717431B0}.Release_Ubuntu|Any CPU.ActiveCfg = Release|Any CPU
		{3BB1C211-9006-4FEE-9F40-7556717431B0}.Release_Ubuntu|Any CPU.Build.0 = Release|Any CPU
		{3BB1C211-9006-4FEE-9F40-7556717431B0}.Release_Ubuntu|x64.ActiveCfg = Release|Any CPU
		{3BB1C211-9006-4FEE-9F40-7556717431B0}.Release_Ubuntu|x64.Build.0 = Release|Any CPU
		{3BB1C211-9006-4FEE-9F40-7556717431B0}.Release|Any CPU.ActiveCfg = Release|Any CPU
		{3BB1C211-9006-4FEE-9F40-7556717431B0}.Release|Any CPU.Build.0 = Release|Any CPU
		{3BB1C211-9006-4FEE-9F40-7556717431B0}.Release|x64.ActiveCfg = Release|Any CPU
		{3BB1C211-9006-4FEE-9F40-7556717431B0}.Release|x64.Build.0 = Release|Any CPU
		{7A80E47B-C82F-4A16-83F0-E0C65F22885A}.Debug_Ubuntu|Any CPU.ActiveCfg = Debug|Any CPU
		{7A80E47B-C82F-4A16-83F0-E0C65F22885A}.Debug_Ubuntu|Any CPU.Build.0 = Debug|Any CPU
		{7A80E47B-C82F-4A16-83F0-E0C65F22885A}.Debug_Ubuntu|x64.ActiveCfg = Debug|Any CPU
		{7A80E47B-C82F-4A16-83F0-E0C65F22885A}.Debug_Ubuntu|x64.Build.0 = Debug|Any CPU
		{7A80E47B-C82F-4A16-83F0-E0C65F22885A}.Debug|Any CPU.ActiveCfg = Debug|Any CPU
		{7A80E47B-C82F-4A16-83F0-E0C65F22885A}.Debug|Any CPU.Build.0 = Debug|Any CPU
		{7A80E47B-C82F-4A16-83F0-E0C65F22885A}.Debug|x64.ActiveCfg = Debug|Any CPU
		{7A80E47B-C82F-4A16-83F0-E0C65F22885A}.Debug|x64.Build.0 = Debug|Any CPU
		{7A80E47B-C82F-4A16-83F0-E0C65F22885A}.Release_Ubuntu|Any CPU.ActiveCfg = Release|Any CPU
		{7A80E47B-C82F-4A16-83F0-E0C65F22885A}.Release_Ubuntu|Any CPU.Build.0 = Release|Any CPU
		{7A80E47B-C82F-4A16-83F0-E0C65F22885A}.Release_Ubuntu|x64.ActiveCfg = Release|Any CPU
		{7A80E47B-C82F-4A16-83F0-E0C65F22885A}.Release_Ubuntu|x64.Build.0 = Release|Any CPU
		{7A80E47B-C82F-4A16-83F0-E0C65F22885A}.Release|Any CPU.ActiveCfg = Release|Any CPU
		{7A80E47B-C82F-4A16-83F0-E0C65F22885A}.Release|Any CPU.Build.0 = Release|Any CPU
		{7A80E47B-C82F-4A16-83F0-E0C65F22885A}.Release|x64.ActiveCfg = Release|Any CPU
		{7A80E47B-C82F-4A16-83F0-E0C65F22885A}.Release|x64.Build.0 = Release|Any CPU
		{C29037E3-9C2F-4996-8434-36600735D465}.Debug_Ubuntu|Any CPU.ActiveCfg = Debug|Any CPU
		{C29037E3-9C2F-4996-8434-36600735D465}.Debug_Ubuntu|Any CPU.Build.0 = Debug|Any CPU
		{C29037E3-9C2F-4996-8434-36600735D465}.Debug_Ubuntu|x64.ActiveCfg = Debug|Any CPU
		{C29037E3-9C2F-4996-8434-36600735D465}.Debug_Ubuntu|x64.Build.0 = Debug|Any CPU
		{C29037E3-9C2F-4996-8434-36600735D465}.Debug|Any CPU.ActiveCfg = Debug|Any CPU
		{C29037E3-9C2F-4996-8434-36600735D465}.Debug|Any CPU.Build.0 = Debug|Any CPU
		{C29037E3-9C2F-4996-8434-36600735D465}.Debug|x64.ActiveCfg = Debug|Any CPU
		{C29037E3-9C2F-4996-8434-36600735D465}.Debug|x64.Build.0 = Debug|Any CPU
		{C29037E3-9C2F-4996-8434-36600735D465}.Release_Ubuntu|Any CPU.ActiveCfg = Release|Any CPU
		{C29037E3-9C2F-4996-8434-36600735D465}.Release_Ubuntu|Any CPU.Build.0 = Release|Any CPU
		{C29037E3-9C2F-4996-8434-36600735D465}.Release_Ubuntu|x64.ActiveCfg = Release|Any CPU
		{C29037E3-9C2F-4996-8434-36600735D465}.Release_Ubuntu|x64.Build.0 = Release|Any CPU
		{C29037E3-9C2F-4996-8434-36600735D465}.Release|Any CPU.ActiveCfg = Release|Any CPU
		{C29037E3-9C2F-4996-8434-36600735D465}.Release|Any CPU.Build.0 = Release|Any CPU
		{C29037E3-9C2F-4996-8434-36600735D465}.Release|x64.ActiveCfg = Release|Any CPU
		{C29037E3-9C2F-4996-8434-36600735D465}.Release|x64.Build.0 = Release|Any CPU
		{CE5F0847-F8B5-4B95-8E86-E007FCDC92A3}.Debug_Ubuntu|Any CPU.ActiveCfg = Debug|Any CPU
		{CE5F0847-F8B5-4B95-8E86-E007FCDC92A3}.Debug_Ubuntu|Any CPU.Build.0 = Debug|Any CPU
		{CE5F0847-F8B5-4B95-8E86-E007FCDC92A3}.Debug_Ubuntu|x64.ActiveCfg = Debug|Any CPU
		{CE5F0847-F8B5-4B95-8E86-E007FCDC92A3}.Debug_Ubuntu|x64.Build.0 = Debug|Any CPU
		{CE5F0847-F8B5-4B95-8E86-E007FCDC92A3}.Debug|Any CPU.ActiveCfg = Debug|Any CPU
		{CE5F0847-F8B5-4B95-8E86-E007FCDC92A3}.Debug|Any CPU.Build.0 = Debug|Any CPU
		{CE5F0847-F8B5-4B95-8E86-E007FCDC92A3}.Debug|x64.ActiveCfg = Debug|Any CPU
		{CE5F0847-F8B5-4B95-8E86-E007FCDC92A3}.Debug|x64.Build.0 = Debug|Any CPU
		{CE5F0847-F8B5-4B95-8E86-E007FCDC92A3}.Release_Ubuntu|Any CPU.ActiveCfg = Release|Any CPU
		{CE5F0847-F8B5-4B95-8E86-E007FCDC92A3}.Release_Ubuntu|Any CPU.Build.0 = Release|Any CPU
		{CE5F0847-F8B5-4B95-8E86-E007FCDC92A3}.Release_Ubuntu|x64.ActiveCfg = Release|Any CPU
		{CE5F0847-F8B5-4B95-8E86-E007FCDC92A3}.Release_Ubuntu|x64.Build.0 = Release|Any CPU
		{CE5F0847-F8B5-4B95-8E86-E007FCDC92A3}.Release|Any CPU.ActiveCfg = Release|Any CPU
		{CE5F0847-F8B5-4B95-8E86-E007FCDC92A3}.Release|Any CPU.Build.0 = Release|Any CPU
		{CE5F0847-F8B5-4B95-8E86-E007FCDC92A3}.Release|x64.ActiveCfg = Release|Any CPU
		{CE5F0847-F8B5-4B95-8E86-E007FCDC92A3}.Release|x64.Build.0 = Release|Any CPU
		{3CB0E6C9-133E-49D7-A393-4FCC9DDEB72B}.Debug_Ubuntu|Any CPU.ActiveCfg = Debug|Any CPU
		{3CB0E6C9-133E-49D7-A393-4FCC9DDEB72B}.Debug_Ubuntu|Any CPU.Build.0 = Debug|Any CPU
		{3CB0E6C9-133E-49D7-A393-4FCC9DDEB72B}.Debug_Ubuntu|x64.ActiveCfg = Debug|Any CPU
		{3CB0E6C9-133E-49D7-A393-4FCC9DDEB72B}.Debug_Ubuntu|x64.Build.0 = Debug|Any CPU
		{3CB0E6C9-133E-49D7-A393-4FCC9DDEB72B}.Debug|Any CPU.ActiveCfg = Debug|Any CPU
		{3CB0E6C9-133E-49D7-A393-4FCC9DDEB72B}.Debug|Any CPU.Build.0 = Debug|Any CPU
		{3CB0E6C9-133E-49D7-A393-4FCC9DDEB72B}.Debug|x64.ActiveCfg = Debug|Any CPU
		{3CB0E6C9-133E-49D7-A393-4FCC9DDEB72B}.Debug|x64.Build.0 = Debug|Any CPU
		{3CB0E6C9-133E-49D7-A393-4FCC9DDEB72B}.Release_Ubuntu|Any CPU.ActiveCfg = Release|Any CPU
		{3CB0E6C9-133E-49D7-A393-4FCC9DDEB72B}.Release_Ubuntu|Any CPU.Build.0 = Release|Any CPU
		{3CB0E6C9-133E-49D7-A393-4FCC9DDEB72B}.Release_Ubuntu|x64.ActiveCfg = Release|Any CPU
		{3CB0E6C9-133E-49D7-A393-4FCC9DDEB72B}.Release_Ubuntu|x64.Build.0 = Release|Any CPU
		{3CB0E6C9-133E-49D7-A393-4FCC9DDEB72B}.Release|Any CPU.ActiveCfg = Release|Any CPU
		{3CB0E6C9-133E-49D7-A393-4FCC9DDEB72B}.Release|Any CPU.Build.0 = Release|Any CPU
		{3CB0E6C9-133E-49D7-A393-4FCC9DDEB72B}.Release|x64.ActiveCfg = Release|Any CPU
		{3CB0E6C9-133E-49D7-A393-4FCC9DDEB72B}.Release|x64.Build.0 = Release|Any CPU
		{7B0C911D-76E3-494E-B019-DC4974A24810}.Debug_Ubuntu|Any CPU.ActiveCfg = Debug|Any CPU
		{7B0C911D-76E3-494E-B019-DC4974A24810}.Debug_Ubuntu|Any CPU.Build.0 = Debug|Any CPU
		{7B0C911D-76E3-494E-B019-DC4974A24810}.Debug_Ubuntu|x64.ActiveCfg = Debug|Any CPU
		{7B0C911D-76E3-494E-B019-DC4974A24810}.Debug_Ubuntu|x64.Build.0 = Debug|Any CPU
		{7B0C911D-76E3-494E-B019-DC4974A24810}.Debug|Any CPU.ActiveCfg = Debug|Any CPU
		{7B0C911D-76E3-494E-B019-DC4974A24810}.Debug|Any CPU.Build.0 = Debug|Any CPU
		{7B0C911D-76E3-494E-B019-DC4974A24810}.Debug|x64.ActiveCfg = Debug|Any CPU
		{7B0C911D-76E3-494E-B019-DC4974A24810}.Debug|x64.Build.0 = Debug|Any CPU
		{7B0C911D-76E3-494E-B019-DC4974A24810}.Release_Ubuntu|Any CPU.ActiveCfg = Release|Any CPU
		{7B0C911D-76E3-494E-B019-DC4974A24810}.Release_Ubuntu|Any CPU.Build.0 = Release|Any CPU
		{7B0C911D-76E3-494E-B019-DC4974A24810}.Release_Ubuntu|x64.ActiveCfg = Release|Any CPU
		{7B0C911D-76E3-494E-B019-DC4974A24810}.Release_Ubuntu|x64.Build.0 = Release|Any CPU
		{7B0C911D-76E3-494E-B019-DC4974A24810}.Release|Any CPU.ActiveCfg = Release|Any CPU
		{7B0C911D-76E3-494E-B019-DC4974A24810}.Release|Any CPU.Build.0 = Release|Any CPU
		{7B0C911D-76E3-494E-B019-DC4974A24810}.Release|x64.ActiveCfg = Release|Any CPU
		{7B0C911D-76E3-494E-B019-DC4974A24810}.Release|x64.Build.0 = Release|Any CPU
		{D4558880-23EF-40E4-8E13-402D8A61A1E7}.Debug_Ubuntu|Any CPU.ActiveCfg = Debug|Any CPU
		{D4558880-23EF-40E4-8E13-402D8A61A1E7}.Debug_Ubuntu|Any CPU.Build.0 = Debug|Any CPU
		{D4558880-23EF-40E4-8E13-402D8A61A1E7}.Debug_Ubuntu|x64.ActiveCfg = Debug|Any CPU
		{D4558880-23EF-40E4-8E13-402D8A61A1E7}.Debug_Ubuntu|x64.Build.0 = Debug|Any CPU
		{D4558880-23EF-40E4-8E13-402D8A61A1E7}.Debug|Any CPU.ActiveCfg = Debug|Any CPU
		{D4558880-23EF-40E4-8E13-402D8A61A1E7}.Debug|Any CPU.Build.0 = Debug|Any CPU
		{D4558880-23EF-40E4-8E13-402D8A61A1E7}.Debug|x64.ActiveCfg = Debug|Any CPU
		{D4558880-23EF-40E4-8E13-402D8A61A1E7}.Debug|x64.Build.0 = Debug|Any CPU
		{D4558880-23EF-40E4-8E13-402D8A61A1E7}.Release_Ubuntu|Any CPU.ActiveCfg = Release|Any CPU
		{D4558880-23EF-40E4-8E13-402D8A61A1E7}.Release_Ubuntu|Any CPU.Build.0 = Release|Any CPU
		{D4558880-23EF-40E4-8E13-402D8A61A1E7}.Release_Ubuntu|x64.ActiveCfg = Release|Any CPU
		{D4558880-23EF-40E4-8E13-402D8A61A1E7}.Release_Ubuntu|x64.Build.0 = Release|Any CPU
		{D4558880-23EF-40E4-8E13-402D8A61A1E7}.Release|Any CPU.ActiveCfg = Release|Any CPU
		{D4558880-23EF-40E4-8E13-402D8A61A1E7}.Release|Any CPU.Build.0 = Release|Any CPU
		{D4558880-23EF-40E4-8E13-402D8A61A1E7}.Release|x64.ActiveCfg = Release|Any CPU
		{D4558880-23EF-40E4-8E13-402D8A61A1E7}.Release|x64.Build.0 = Release|Any CPU
		{B357BAC7-529E-4D81-A0D2-71041B19C8DE}.Debug_Ubuntu|Any CPU.ActiveCfg = Debug_Ubuntu|Any CPU
		{B357BAC7-529E-4D81-A0D2-71041B19C8DE}.Debug_Ubuntu|Any CPU.Build.0 = Debug_Ubuntu|Any CPU
		{B357BAC7-529E-4D81-A0D2-71041B19C8DE}.Debug_Ubuntu|x64.ActiveCfg = Debug_Ubuntu|Any CPU
		{B357BAC7-529E-4D81-A0D2-71041B19C8DE}.Debug_Ubuntu|x64.Build.0 = Debug_Ubuntu|Any CPU
		{B357BAC7-529E-4D81-A0D2-71041B19C8DE}.Debug|Any CPU.ActiveCfg = Debug|Any CPU
		{B357BAC7-529E-4D81-A0D2-71041B19C8DE}.Debug|Any CPU.Build.0 = Debug|Any CPU
		{B357BAC7-529E-4D81-A0D2-71041B19C8DE}.Debug|x64.ActiveCfg = Debug|Any CPU
		{B357BAC7-529E-4D81-A0D2-71041B19C8DE}.Debug|x64.Build.0 = Debug|Any CPU
		{B357BAC7-529E-4D81-A0D2-71041B19C8DE}.Release_Ubuntu|Any CPU.ActiveCfg = Release_Ubuntu|Any CPU
		{B357BAC7-529E-4D81-A0D2-71041B19C8DE}.Release_Ubuntu|Any CPU.Build.0 = Release_Ubuntu|Any CPU
		{B357BAC7-529E-4D81-A0D2-71041B19C8DE}.Release_Ubuntu|x64.ActiveCfg = Release_Ubuntu|Any CPU
		{B357BAC7-529E-4D81-A0D2-71041B19C8DE}.Release_Ubuntu|x64.Build.0 = Release_Ubuntu|Any CPU
		{B357BAC7-529E-4D81-A0D2-71041B19C8DE}.Release|Any CPU.ActiveCfg = Release|Any CPU
		{B357BAC7-529E-4D81-A0D2-71041B19C8DE}.Release|Any CPU.Build.0 = Release|Any CPU
		{B357BAC7-529E-4D81-A0D2-71041B19C8DE}.Release|x64.ActiveCfg = Release|Any CPU
		{B357BAC7-529E-4D81-A0D2-71041B19C8DE}.Release|x64.Build.0 = Release|Any CPU
		{2CE575FC-7F33-45F9-A977-9A40266158CA}.Debug_Ubuntu|Any CPU.ActiveCfg = Debug|Any CPU
		{2CE575FC-7F33-45F9-A977-9A40266158CA}.Debug_Ubuntu|Any CPU.Build.0 = Debug|Any CPU
		{2CE575FC-7F33-45F9-A977-9A40266158CA}.Debug_Ubuntu|x64.ActiveCfg = Debug|Any CPU
		{2CE575FC-7F33-45F9-A977-9A40266158CA}.Debug_Ubuntu|x64.Build.0 = Debug|Any CPU
		{2CE575FC-7F33-45F9-A977-9A40266158CA}.Debug|Any CPU.ActiveCfg = Debug|Any CPU
		{2CE575FC-7F33-45F9-A977-9A40266158CA}.Debug|Any CPU.Build.0 = Debug|Any CPU
		{2CE575FC-7F33-45F9-A977-9A40266158CA}.Debug|x64.ActiveCfg = Debug|Any CPU
		{2CE575FC-7F33-45F9-A977-9A40266158CA}.Debug|x64.Build.0 = Debug|Any CPU
		{2CE575FC-7F33-45F9-A977-9A40266158CA}.Release_Ubuntu|Any CPU.ActiveCfg = Release|Any CPU
		{2CE575FC-7F33-45F9-A977-9A40266158CA}.Release_Ubuntu|Any CPU.Build.0 = Release|Any CPU
		{2CE575FC-7F33-45F9-A977-9A40266158CA}.Release_Ubuntu|x64.ActiveCfg = Release|Any CPU
		{2CE575FC-7F33-45F9-A977-9A40266158CA}.Release_Ubuntu|x64.Build.0 = Release|Any CPU
		{2CE575FC-7F33-45F9-A977-9A40266158CA}.Release|Any CPU.ActiveCfg = Release|Any CPU
		{2CE575FC-7F33-45F9-A977-9A40266158CA}.Release|Any CPU.Build.0 = Release|Any CPU
		{2CE575FC-7F33-45F9-A977-9A40266158CA}.Release|x64.ActiveCfg = Release|Any CPU
		{2CE575FC-7F33-45F9-A977-9A40266158CA}.Release|x64.Build.0 = Release|Any CPU
		{786F3627-BC95-4C92-9240-B0CD3D8BBB58}.Debug_Ubuntu|Any CPU.ActiveCfg = Debug|Any CPU
		{786F3627-BC95-4C92-9240-B0CD3D8BBB58}.Debug_Ubuntu|Any CPU.Build.0 = Debug|Any CPU
		{786F3627-BC95-4C92-9240-B0CD3D8BBB58}.Debug_Ubuntu|x64.ActiveCfg = Debug|Any CPU
		{786F3627-BC95-4C92-9240-B0CD3D8BBB58}.Debug_Ubuntu|x64.Build.0 = Debug|Any CPU
		{786F3627-BC95-4C92-9240-B0CD3D8BBB58}.Debug|Any CPU.ActiveCfg = Debug|Any CPU
		{786F3627-BC95-4C92-9240-B0CD3D8BBB58}.Debug|Any CPU.Build.0 = Debug|Any CPU
		{786F3627-BC95-4C92-9240-B0CD3D8BBB58}.Debug|x64.ActiveCfg = Debug|Any CPU
		{786F3627-BC95-4C92-9240-B0CD3D8BBB58}.Debug|x64.Build.0 = Debug|Any CPU
		{786F3627-BC95-4C92-9240-B0CD3D8BBB58}.Release_Ubuntu|Any CPU.ActiveCfg = Release|Any CPU
		{786F3627-BC95-4C92-9240-B0CD3D8BBB58}.Release_Ubuntu|Any CPU.Build.0 = Release|Any CPU
		{786F3627-BC95-4C92-9240-B0CD3D8BBB58}.Release_Ubuntu|x64.ActiveCfg = Release|Any CPU
		{786F3627-BC95-4C92-9240-B0CD3D8BBB58}.Release_Ubuntu|x64.Build.0 = Release|Any CPU
		{786F3627-BC95-4C92-9240-B0CD3D8BBB58}.Release|Any CPU.ActiveCfg = Release|Any CPU
		{786F3627-BC95-4C92-9240-B0CD3D8BBB58}.Release|Any CPU.Build.0 = Release|Any CPU
		{786F3627-BC95-4C92-9240-B0CD3D8BBB58}.Release|x64.ActiveCfg = Release|Any CPU
		{786F3627-BC95-4C92-9240-B0CD3D8BBB58}.Release|x64.Build.0 = Release|Any CPU
	EndGlobalSection
	GlobalSection(SolutionProperties) = preSolution
		HideSolutionNode = FALSE
	EndGlobalSection
	GlobalSection(ExtensibilityGlobals) = postSolution
		SolutionGuid = {4C51BD29-4830-4F67-9C8A-0473974D95D6}
	EndGlobalSection
EndGlobal
