
Microsoft Visual Studio Solution File, Format Version 12.00
# Visual Studio Version 16
VisualStudioVersion = 16.0.28803.156
MinimumVisualStudioVersion = 10.0.40219.1
Project("{FAE04EC0-301F-11D3-BF4B-00C04F79EFBC}") = "Mitto.Main", "Mitto.Main\Mitto.Main.csproj", "{958222ED-4BA0-45DD-92E5-6B72BA62ABA6}"
EndProject
Project("{FAE04EC0-301F-11D3-BF4B-00C04F79EFBC}") = "Mitto.Connection.Websocket", "Mitto.Connection.Websocket\Mitto.Connection.Websocket.csproj", "{CF99D3F2-2C06-4A9F-BA22-E2E0CA457B58}"
EndProject
Project("{FAE04EC0-301F-11D3-BF4B-00C04F79EFBC}") = "Mitto.IConnection", "Mitto.IConnection\Mitto.IConnection.csproj", "{AAF65EBA-E48D-491A-AD2E-525BDE11EC6F}"
EndProject
Project("{FAE04EC0-301F-11D3-BF4B-00C04F79EFBC}") = "Mitto.IMessaging", "Mitto.IMessaging\Mitto.IMessaging.csproj", "{3BB1C211-9006-4FEE-9F40-7556717431B0}"
EndProject
Project("{FAE04EC0-301F-11D3-BF4B-00C04F79EFBC}") = "Mitto.IRouting", "Mitto.IRouting\Mitto.IRouting.csproj", "{7A80E47B-C82F-4A16-83F0-E0C65F22885A}"
EndProject
Project("{FAE04EC0-301F-11D3-BF4B-00C04F79EFBC}") = "Mitto.Routing.PassThrough", "Mitto.Routing.PassThrough\Mitto.Routing.PassThrough.csproj", "{CE5F0847-F8B5-4B95-8E86-E007FCDC92A3}"
EndProject
Project("{FAE04EC0-301F-11D3-BF4B-00C04F79EFBC}") = "Mitto.Routing.RabbitMQ", "Mitto.Routing.RabbitMQ\Mitto.Routing.RabbitMQ.csproj", "{3CB0E6C9-133E-49D7-A393-4FCC9DDEB72B}"
EndProject
Project("{FAE04EC0-301F-11D3-BF4B-00C04F79EFBC}") = "Mitto.Routing.RabbitMQ.Consumer", "Mitto.Routing.RabbitMQ.Consumer\Mitto.Routing.RabbitMQ.Consumer.csproj", "{7B0C911D-76E3-494E-B019-DC4974A24810}"
EndProject
Project("{FAE04EC0-301F-11D3-BF4B-00C04F79EFBC}") = "Mitto.Routing.RabbitMQ.Publisher", "Mitto.Routing.RabbitMQ.Publisher\Mitto.Routing.RabbitMQ.Publisher.csproj", "{D4558880-23EF-40E4-8E13-402D8A61A1E7}"
EndProject
Project("{FAE04EC0-301F-11D3-BF4B-00C04F79EFBC}") = "websocket-sharp", "Lib\websocketsharp\websocket-sharp\websocket-sharp.csproj", "{B357BAC7-529E-4D81-A0D2-71041B19C8DE}"
EndProject
Project("{FAE04EC0-301F-11D3-BF4B-00C04F79EFBC}") = "Mitto", "Mitto\Mitto.csproj", "{2CE575FC-7F33-45F9-A977-9A40266158CA}"
EndProject
Project("{FAE04EC0-301F-11D3-BF4B-00C04F79EFBC}") = "Mitto.Messaging.Json", "Mitto.Messaging.Json\Mitto.Messaging.Json.csproj", "{786F3627-BC95-4C92-9240-B0CD3D8BBB58}"
EndProject
Project("{2150E333-8FDC-42A3-9474-1A3956D46DE8}") = "Solution Items", "Solution Items", "{2C9ECECD-58D5-4386-AEF4-AADEC8D38DC8}"
	ProjectSection(SolutionItems) = preProject
		AssemblyInfo.targets = AssemblyInfo.targets
		Readme.md = Readme.md
	EndProjectSection
EndProject
Project("{FAE04EC0-301F-11D3-BF4B-00C04F79EFBC}") = "Mitto.Config", "Mitto.Config\Mitto.Config.csproj", "{E3E0D40D-99AC-4ED4-9E64-19CDC10813B0}"
EndProject
Project("{FAE04EC0-301F-11D3-BF4B-00C04F79EFBC}") = "Mitto.Messaging", "Mitto.Messaging\Mitto.Messaging.csproj", "{C29037E3-9C2F-4996-8434-36600735D465}"
EndProject
Project("{FAE04EC0-301F-11D3-BF4B-00C04F79EFBC}") = "Mitto.Config.Tests", "Mitto.Config.Tests\Mitto.Config.Tests.csproj", "{68E1570F-98F3-4045-99C1-13F55E7A0F15}"
EndProject
Project("{FAE04EC0-301F-11D3-BF4B-00C04F79EFBC}") = "Mitto.Connection.Websocket.Tests", "Mitto.Connection.Websocket.Tests\Mitto.Connection.Websocket.Tests.csproj", "{0320E459-DF90-4AE4-9D85-6F002E99681B}"
EndProject
Project("{FAE04EC0-301F-11D3-BF4B-00C04F79EFBC}") = "Mitto.IConnection.Tests", "Mitto.IConnection.Tests\Mitto.IConnection.Tests.csproj", "{A4976A44-ED63-4DC9-B698-441F3F712DA5}"
EndProject
Project("{FAE04EC0-301F-11D3-BF4B-00C04F79EFBC}") = "Mitto.IMessaging.Tests", "Mitto.IMessaging.Tests\Mitto.IMessaging.Tests.csproj", "{750814D8-20C8-4C3A-9E2B-2147AB89D437}"
EndProject
Project("{FAE04EC0-301F-11D3-BF4B-00C04F79EFBC}") = "Mitto.IRouting.Tests", "Mitto.IRouting.Tests\Mitto.IRouting.Tests.csproj", "{E00233C5-A60D-43B4-983B-D4CEC6D0E573}"
EndProject
Project("{FAE04EC0-301F-11D3-BF4B-00C04F79EFBC}") = "Mitto.Messaging.Tests", "Mitto.Messaging.Tests\Mitto.Messaging.Tests.csproj", "{45B79C31-DFDB-4676-97B1-AD35ECC19875}"
EndProject
Project("{FAE04EC0-301F-11D3-BF4B-00C04F79EFBC}") = "Mitto.Routing.PassThrough.Tests", "Mitto.Routing.PassThrough.Tests\Mitto.Routing.PassThrough.Tests.csproj", "{8EDF4429-251A-416D-BB68-93F227191BCF}"
EndProject
Project("{FAE04EC0-301F-11D3-BF4B-00C04F79EFBC}") = "Mitto.Messaging.Json.Tests", "Mitto.Messaging.Json.Tests\Mitto.Messaging.Json.Tests.csproj", "{96F48DE1-EEE7-4F7A-BF73-2061834BDDC8}"
EndProject
Project("{FAE04EC0-301F-11D3-BF4B-00C04F79EFBC}") = "Mitto.Utilities", "Mitto.Utilities\Mitto.Utilities.csproj", "{D184BF09-FD6D-4F36-BC6E-BF05E763E3AC}"
EndProject
Project("{FAE04EC0-301F-11D3-BF4B-00C04F79EFBC}") = "Mitto.Utilities.Tests", "Mitto.Utilities.Tests\Mitto.Utilities.Tests.csproj", "{AC54F213-1A2D-4451-B4AD-9CDCAEB41127}"
EndProject
Project("{FAE04EC0-301F-11D3-BF4B-00C04F79EFBC}") = "Mitto.Main.Tests", "Mitto.Main.Tests\Mitto.Main.Tests.csproj", "{31F35624-F429-4E40-9E81-ACBB9880BF5A}"
EndProject
Project("{FAE04EC0-301F-11D3-BF4B-00C04F79EFBC}") = "Mitto.Logging", "Mitto.Logging\Mitto.Logging.csproj", "{7941EAC6-25F8-4D85-A089-EEA56698D00B}"
EndProject
Project("{FAE04EC0-301F-11D3-BF4B-00C04F79EFBC}") = "Mitto.ILogging", "Mitto.ILogging\Mitto.ILogging.csproj", "{30F11E8A-A8D2-48C7-9D86-D5D007A47609}"
EndProject
Project("{FAE04EC0-301F-11D3-BF4B-00C04F79EFBC}") = "Mitto.Routing.RabbitMQ.Tests", "Mitto.Routing.RabbitMQ.Tests\Mitto.Routing.RabbitMQ.Tests.csproj", "{4D2BF136-C342-4471-ABAB-BD86E0B19D1A}"
EndProject
Project("{FAE04EC0-301F-11D3-BF4B-00C04F79EFBC}") = "Mitto.Routing", "Mitto.Routing\Mitto.Routing.csproj", "{6FFEFEF0-8B67-45C8-9ABA-A1E6D276B1C2}"
EndProject
Project("{FAE04EC0-301F-11D3-BF4B-00C04F79EFBC}") = "Mitto.Routing.Tests", "Mitto.Routing.Tests\Mitto.Routing.Tests.csproj", "{DA10E40B-D532-4036-86BC-D46DC18A9DEC}"
EndProject
Project("{FAE04EC0-301F-11D3-BF4B-00C04F79EFBC}") = "Mitto.Subscription.Messaging", "Mitto.Subscription.Messaging\Mitto.Subscription.Messaging.csproj", "{5D420F78-C169-4615-ACB2-A039BF8ACBD6}"
EndProject
Project("{FAE04EC0-301F-11D3-BF4B-00C04F79EFBC}") = "Mitto.Subscription.IMessaging", "Mitto.Subscription.IMessaging\Mitto.Subscription.IMessaging.csproj", "{9FF69878-E3D3-459D-A779-A6CB0091DE75}"
EndProject
Project("{FAE04EC0-301F-11D3-BF4B-00C04F79EFBC}") = "Mitto.Subscription.Messaging.Tests", "Mitto.Subscription.Messaging.Tests\Mitto.Subscription.Messaging.Tests.csproj", "{7BEBD9E0-0376-472B-BA0B-653E6139635E}"
EndProject
Project("{FAE04EC0-301F-11D3-BF4B-00C04F79EFBC}") = "Mitto.Subscription.Service.RabbitMQ", "Mitto.Subscription.Service.RabbitMQ\Mitto.Subscription.Service.RabbitMQ.csproj", "{F79D0DD2-4FB4-47DB-B765-5D6516B8C5EA}"
EndProject
Global
	GlobalSection(SolutionConfigurationPlatforms) = preSolution
		Debug|Any CPU = Debug|Any CPU
		Debug|x64 = Debug|x64
		Release|Any CPU = Release|Any CPU
		Release|x64 = Release|x64
	EndGlobalSection
	GlobalSection(ProjectConfigurationPlatforms) = postSolution
		{958222ED-4BA0-45DD-92E5-6B72BA62ABA6}.Debug|Any CPU.ActiveCfg = Debug|Any CPU
		{958222ED-4BA0-45DD-92E5-6B72BA62ABA6}.Debug|Any CPU.Build.0 = Debug|Any CPU
		{958222ED-4BA0-45DD-92E5-6B72BA62ABA6}.Debug|x64.ActiveCfg = Debug|Any CPU
		{958222ED-4BA0-45DD-92E5-6B72BA62ABA6}.Debug|x64.Build.0 = Debug|Any CPU
		{958222ED-4BA0-45DD-92E5-6B72BA62ABA6}.Release|Any CPU.ActiveCfg = Release|Any CPU
		{958222ED-4BA0-45DD-92E5-6B72BA62ABA6}.Release|Any CPU.Build.0 = Release|Any CPU
		{958222ED-4BA0-45DD-92E5-6B72BA62ABA6}.Release|x64.ActiveCfg = Release|Any CPU
		{958222ED-4BA0-45DD-92E5-6B72BA62ABA6}.Release|x64.Build.0 = Release|Any CPU
		{CF99D3F2-2C06-4A9F-BA22-E2E0CA457B58}.Debug|Any CPU.ActiveCfg = Debug|Any CPU
		{CF99D3F2-2C06-4A9F-BA22-E2E0CA457B58}.Debug|Any CPU.Build.0 = Debug|Any CPU
		{CF99D3F2-2C06-4A9F-BA22-E2E0CA457B58}.Debug|x64.ActiveCfg = Debug|Any CPU
		{CF99D3F2-2C06-4A9F-BA22-E2E0CA457B58}.Debug|x64.Build.0 = Debug|Any CPU
		{CF99D3F2-2C06-4A9F-BA22-E2E0CA457B58}.Release|Any CPU.ActiveCfg = Release|Any CPU
		{CF99D3F2-2C06-4A9F-BA22-E2E0CA457B58}.Release|Any CPU.Build.0 = Release|Any CPU
		{CF99D3F2-2C06-4A9F-BA22-E2E0CA457B58}.Release|x64.ActiveCfg = Release|Any CPU
		{CF99D3F2-2C06-4A9F-BA22-E2E0CA457B58}.Release|x64.Build.0 = Release|Any CPU
		{AAF65EBA-E48D-491A-AD2E-525BDE11EC6F}.Debug|Any CPU.ActiveCfg = Debug|Any CPU
		{AAF65EBA-E48D-491A-AD2E-525BDE11EC6F}.Debug|Any CPU.Build.0 = Debug|Any CPU
		{AAF65EBA-E48D-491A-AD2E-525BDE11EC6F}.Debug|x64.ActiveCfg = Debug|Any CPU
		{AAF65EBA-E48D-491A-AD2E-525BDE11EC6F}.Debug|x64.Build.0 = Debug|Any CPU
		{AAF65EBA-E48D-491A-AD2E-525BDE11EC6F}.Release|Any CPU.ActiveCfg = Release|Any CPU
		{AAF65EBA-E48D-491A-AD2E-525BDE11EC6F}.Release|Any CPU.Build.0 = Release|Any CPU
		{AAF65EBA-E48D-491A-AD2E-525BDE11EC6F}.Release|x64.ActiveCfg = Release|Any CPU
		{AAF65EBA-E48D-491A-AD2E-525BDE11EC6F}.Release|x64.Build.0 = Release|Any CPU
		{3BB1C211-9006-4FEE-9F40-7556717431B0}.Debug|Any CPU.ActiveCfg = Debug|Any CPU
		{3BB1C211-9006-4FEE-9F40-7556717431B0}.Debug|Any CPU.Build.0 = Debug|Any CPU
		{3BB1C211-9006-4FEE-9F40-7556717431B0}.Debug|x64.ActiveCfg = Debug|Any CPU
		{3BB1C211-9006-4FEE-9F40-7556717431B0}.Debug|x64.Build.0 = Debug|Any CPU
		{3BB1C211-9006-4FEE-9F40-7556717431B0}.Release|Any CPU.ActiveCfg = Release|Any CPU
		{3BB1C211-9006-4FEE-9F40-7556717431B0}.Release|Any CPU.Build.0 = Release|Any CPU
		{3BB1C211-9006-4FEE-9F40-7556717431B0}.Release|x64.ActiveCfg = Release|Any CPU
		{3BB1C211-9006-4FEE-9F40-7556717431B0}.Release|x64.Build.0 = Release|Any CPU
		{7A80E47B-C82F-4A16-83F0-E0C65F22885A}.Debug|Any CPU.ActiveCfg = Debug|Any CPU
		{7A80E47B-C82F-4A16-83F0-E0C65F22885A}.Debug|Any CPU.Build.0 = Debug|Any CPU
		{7A80E47B-C82F-4A16-83F0-E0C65F22885A}.Debug|x64.ActiveCfg = Debug|Any CPU
		{7A80E47B-C82F-4A16-83F0-E0C65F22885A}.Debug|x64.Build.0 = Debug|Any CPU
		{7A80E47B-C82F-4A16-83F0-E0C65F22885A}.Release|Any CPU.ActiveCfg = Release|Any CPU
		{7A80E47B-C82F-4A16-83F0-E0C65F22885A}.Release|Any CPU.Build.0 = Release|Any CPU
		{7A80E47B-C82F-4A16-83F0-E0C65F22885A}.Release|x64.ActiveCfg = Release|Any CPU
		{7A80E47B-C82F-4A16-83F0-E0C65F22885A}.Release|x64.Build.0 = Release|Any CPU
		{CE5F0847-F8B5-4B95-8E86-E007FCDC92A3}.Debug|Any CPU.ActiveCfg = Debug|Any CPU
		{CE5F0847-F8B5-4B95-8E86-E007FCDC92A3}.Debug|Any CPU.Build.0 = Debug|Any CPU
		{CE5F0847-F8B5-4B95-8E86-E007FCDC92A3}.Debug|x64.ActiveCfg = Debug|Any CPU
		{CE5F0847-F8B5-4B95-8E86-E007FCDC92A3}.Debug|x64.Build.0 = Debug|Any CPU
		{CE5F0847-F8B5-4B95-8E86-E007FCDC92A3}.Release|Any CPU.ActiveCfg = Release|Any CPU
		{CE5F0847-F8B5-4B95-8E86-E007FCDC92A3}.Release|Any CPU.Build.0 = Release|Any CPU
		{CE5F0847-F8B5-4B95-8E86-E007FCDC92A3}.Release|x64.ActiveCfg = Release|Any CPU
		{CE5F0847-F8B5-4B95-8E86-E007FCDC92A3}.Release|x64.Build.0 = Release|Any CPU
		{3CB0E6C9-133E-49D7-A393-4FCC9DDEB72B}.Debug|Any CPU.ActiveCfg = Debug|Any CPU
		{3CB0E6C9-133E-49D7-A393-4FCC9DDEB72B}.Debug|Any CPU.Build.0 = Debug|Any CPU
		{3CB0E6C9-133E-49D7-A393-4FCC9DDEB72B}.Debug|x64.ActiveCfg = Debug|Any CPU
		{3CB0E6C9-133E-49D7-A393-4FCC9DDEB72B}.Debug|x64.Build.0 = Debug|Any CPU
		{3CB0E6C9-133E-49D7-A393-4FCC9DDEB72B}.Release|Any CPU.ActiveCfg = Release|Any CPU
		{3CB0E6C9-133E-49D7-A393-4FCC9DDEB72B}.Release|Any CPU.Build.0 = Release|Any CPU
		{3CB0E6C9-133E-49D7-A393-4FCC9DDEB72B}.Release|x64.ActiveCfg = Release|Any CPU
		{3CB0E6C9-133E-49D7-A393-4FCC9DDEB72B}.Release|x64.Build.0 = Release|Any CPU
		{7B0C911D-76E3-494E-B019-DC4974A24810}.Debug|Any CPU.ActiveCfg = Debug|Any CPU
		{7B0C911D-76E3-494E-B019-DC4974A24810}.Debug|Any CPU.Build.0 = Debug|Any CPU
		{7B0C911D-76E3-494E-B019-DC4974A24810}.Debug|x64.ActiveCfg = Debug|Any CPU
		{7B0C911D-76E3-494E-B019-DC4974A24810}.Debug|x64.Build.0 = Debug|Any CPU
		{7B0C911D-76E3-494E-B019-DC4974A24810}.Release|Any CPU.ActiveCfg = Release|Any CPU
		{7B0C911D-76E3-494E-B019-DC4974A24810}.Release|Any CPU.Build.0 = Release|Any CPU
		{7B0C911D-76E3-494E-B019-DC4974A24810}.Release|x64.ActiveCfg = Release|Any CPU
		{7B0C911D-76E3-494E-B019-DC4974A24810}.Release|x64.Build.0 = Release|Any CPU
		{D4558880-23EF-40E4-8E13-402D8A61A1E7}.Debug|Any CPU.ActiveCfg = Debug|Any CPU
		{D4558880-23EF-40E4-8E13-402D8A61A1E7}.Debug|Any CPU.Build.0 = Debug|Any CPU
		{D4558880-23EF-40E4-8E13-402D8A61A1E7}.Debug|x64.ActiveCfg = Debug|Any CPU
		{D4558880-23EF-40E4-8E13-402D8A61A1E7}.Debug|x64.Build.0 = Debug|Any CPU
		{D4558880-23EF-40E4-8E13-402D8A61A1E7}.Release|Any CPU.ActiveCfg = Release|Any CPU
		{D4558880-23EF-40E4-8E13-402D8A61A1E7}.Release|Any CPU.Build.0 = Release|Any CPU
		{D4558880-23EF-40E4-8E13-402D8A61A1E7}.Release|x64.ActiveCfg = Release|Any CPU
		{D4558880-23EF-40E4-8E13-402D8A61A1E7}.Release|x64.Build.0 = Release|Any CPU
		{B357BAC7-529E-4D81-A0D2-71041B19C8DE}.Debug|Any CPU.ActiveCfg = Debug|Any CPU
		{B357BAC7-529E-4D81-A0D2-71041B19C8DE}.Debug|Any CPU.Build.0 = Debug|Any CPU
		{B357BAC7-529E-4D81-A0D2-71041B19C8DE}.Debug|x64.ActiveCfg = Debug|Any CPU
		{B357BAC7-529E-4D81-A0D2-71041B19C8DE}.Debug|x64.Build.0 = Debug|Any CPU
		{B357BAC7-529E-4D81-A0D2-71041B19C8DE}.Release|Any CPU.ActiveCfg = Release|Any CPU
		{B357BAC7-529E-4D81-A0D2-71041B19C8DE}.Release|Any CPU.Build.0 = Release|Any CPU
		{B357BAC7-529E-4D81-A0D2-71041B19C8DE}.Release|x64.ActiveCfg = Release|Any CPU
		{B357BAC7-529E-4D81-A0D2-71041B19C8DE}.Release|x64.Build.0 = Release|Any CPU
		{2CE575FC-7F33-45F9-A977-9A40266158CA}.Debug|Any CPU.ActiveCfg = Debug|Any CPU
		{2CE575FC-7F33-45F9-A977-9A40266158CA}.Debug|Any CPU.Build.0 = Debug|Any CPU
		{2CE575FC-7F33-45F9-A977-9A40266158CA}.Debug|x64.ActiveCfg = Debug|Any CPU
		{2CE575FC-7F33-45F9-A977-9A40266158CA}.Debug|x64.Build.0 = Debug|Any CPU
		{2CE575FC-7F33-45F9-A977-9A40266158CA}.Release|Any CPU.ActiveCfg = Release|Any CPU
		{2CE575FC-7F33-45F9-A977-9A40266158CA}.Release|Any CPU.Build.0 = Release|Any CPU
		{2CE575FC-7F33-45F9-A977-9A40266158CA}.Release|x64.ActiveCfg = Release|Any CPU
		{2CE575FC-7F33-45F9-A977-9A40266158CA}.Release|x64.Build.0 = Release|Any CPU
		{786F3627-BC95-4C92-9240-B0CD3D8BBB58}.Debug|Any CPU.ActiveCfg = Debug|Any CPU
		{786F3627-BC95-4C92-9240-B0CD3D8BBB58}.Debug|Any CPU.Build.0 = Debug|Any CPU
		{786F3627-BC95-4C92-9240-B0CD3D8BBB58}.Debug|x64.ActiveCfg = Debug|Any CPU
		{786F3627-BC95-4C92-9240-B0CD3D8BBB58}.Debug|x64.Build.0 = Debug|Any CPU
		{786F3627-BC95-4C92-9240-B0CD3D8BBB58}.Release|Any CPU.ActiveCfg = Release|Any CPU
		{786F3627-BC95-4C92-9240-B0CD3D8BBB58}.Release|Any CPU.Build.0 = Release|Any CPU
		{786F3627-BC95-4C92-9240-B0CD3D8BBB58}.Release|x64.ActiveCfg = Release|Any CPU
		{786F3627-BC95-4C92-9240-B0CD3D8BBB58}.Release|x64.Build.0 = Release|Any CPU
		{E3E0D40D-99AC-4ED4-9E64-19CDC10813B0}.Debug|Any CPU.ActiveCfg = Debug|Any CPU
		{E3E0D40D-99AC-4ED4-9E64-19CDC10813B0}.Debug|Any CPU.Build.0 = Debug|Any CPU
		{E3E0D40D-99AC-4ED4-9E64-19CDC10813B0}.Debug|x64.ActiveCfg = Debug|Any CPU
		{E3E0D40D-99AC-4ED4-9E64-19CDC10813B0}.Debug|x64.Build.0 = Debug|Any CPU
		{E3E0D40D-99AC-4ED4-9E64-19CDC10813B0}.Release|Any CPU.ActiveCfg = Release|Any CPU
		{E3E0D40D-99AC-4ED4-9E64-19CDC10813B0}.Release|Any CPU.Build.0 = Release|Any CPU
		{E3E0D40D-99AC-4ED4-9E64-19CDC10813B0}.Release|x64.ActiveCfg = Release|Any CPU
		{E3E0D40D-99AC-4ED4-9E64-19CDC10813B0}.Release|x64.Build.0 = Release|Any CPU
		{C29037E3-9C2F-4996-8434-36600735D465}.Debug|Any CPU.ActiveCfg = Debug|Any CPU
		{C29037E3-9C2F-4996-8434-36600735D465}.Debug|Any CPU.Build.0 = Debug|Any CPU
		{C29037E3-9C2F-4996-8434-36600735D465}.Debug|x64.ActiveCfg = Debug|Any CPU
		{C29037E3-9C2F-4996-8434-36600735D465}.Debug|x64.Build.0 = Debug|Any CPU
		{C29037E3-9C2F-4996-8434-36600735D465}.Release|Any CPU.ActiveCfg = Release|Any CPU
		{C29037E3-9C2F-4996-8434-36600735D465}.Release|Any CPU.Build.0 = Release|Any CPU
		{C29037E3-9C2F-4996-8434-36600735D465}.Release|x64.ActiveCfg = Release|Any CPU
		{C29037E3-9C2F-4996-8434-36600735D465}.Release|x64.Build.0 = Release|Any CPU
		{68E1570F-98F3-4045-99C1-13F55E7A0F15}.Debug|Any CPU.ActiveCfg = Debug|Any CPU
		{68E1570F-98F3-4045-99C1-13F55E7A0F15}.Debug|Any CPU.Build.0 = Debug|Any CPU
		{68E1570F-98F3-4045-99C1-13F55E7A0F15}.Debug|x64.ActiveCfg = Debug|Any CPU
		{68E1570F-98F3-4045-99C1-13F55E7A0F15}.Debug|x64.Build.0 = Debug|Any CPU
		{68E1570F-98F3-4045-99C1-13F55E7A0F15}.Release|Any CPU.ActiveCfg = Release|Any CPU
		{68E1570F-98F3-4045-99C1-13F55E7A0F15}.Release|Any CPU.Build.0 = Release|Any CPU
		{68E1570F-98F3-4045-99C1-13F55E7A0F15}.Release|x64.ActiveCfg = Release|Any CPU
		{68E1570F-98F3-4045-99C1-13F55E7A0F15}.Release|x64.Build.0 = Release|Any CPU
		{0320E459-DF90-4AE4-9D85-6F002E99681B}.Debug|Any CPU.ActiveCfg = Debug|Any CPU
		{0320E459-DF90-4AE4-9D85-6F002E99681B}.Debug|Any CPU.Build.0 = Debug|Any CPU
		{0320E459-DF90-4AE4-9D85-6F002E99681B}.Debug|x64.ActiveCfg = Debug|Any CPU
		{0320E459-DF90-4AE4-9D85-6F002E99681B}.Debug|x64.Build.0 = Debug|Any CPU
		{0320E459-DF90-4AE4-9D85-6F002E99681B}.Release|Any CPU.ActiveCfg = Release|Any CPU
		{0320E459-DF90-4AE4-9D85-6F002E99681B}.Release|Any CPU.Build.0 = Release|Any CPU
		{0320E459-DF90-4AE4-9D85-6F002E99681B}.Release|x64.ActiveCfg = Release|Any CPU
		{0320E459-DF90-4AE4-9D85-6F002E99681B}.Release|x64.Build.0 = Release|Any CPU
		{A4976A44-ED63-4DC9-B698-441F3F712DA5}.Debug|Any CPU.ActiveCfg = Debug|Any CPU
		{A4976A44-ED63-4DC9-B698-441F3F712DA5}.Debug|Any CPU.Build.0 = Debug|Any CPU
		{A4976A44-ED63-4DC9-B698-441F3F712DA5}.Debug|x64.ActiveCfg = Debug|Any CPU
		{A4976A44-ED63-4DC9-B698-441F3F712DA5}.Debug|x64.Build.0 = Debug|Any CPU
		{A4976A44-ED63-4DC9-B698-441F3F712DA5}.Release|Any CPU.ActiveCfg = Release|Any CPU
		{A4976A44-ED63-4DC9-B698-441F3F712DA5}.Release|Any CPU.Build.0 = Release|Any CPU
		{A4976A44-ED63-4DC9-B698-441F3F712DA5}.Release|x64.ActiveCfg = Release|Any CPU
		{A4976A44-ED63-4DC9-B698-441F3F712DA5}.Release|x64.Build.0 = Release|Any CPU
		{750814D8-20C8-4C3A-9E2B-2147AB89D437}.Debug|Any CPU.ActiveCfg = Debug|Any CPU
		{750814D8-20C8-4C3A-9E2B-2147AB89D437}.Debug|Any CPU.Build.0 = Debug|Any CPU
		{750814D8-20C8-4C3A-9E2B-2147AB89D437}.Debug|x64.ActiveCfg = Debug|Any CPU
		{750814D8-20C8-4C3A-9E2B-2147AB89D437}.Debug|x64.Build.0 = Debug|Any CPU
		{750814D8-20C8-4C3A-9E2B-2147AB89D437}.Release|Any CPU.ActiveCfg = Release|Any CPU
		{750814D8-20C8-4C3A-9E2B-2147AB89D437}.Release|Any CPU.Build.0 = Release|Any CPU
		{750814D8-20C8-4C3A-9E2B-2147AB89D437}.Release|x64.ActiveCfg = Release|Any CPU
		{750814D8-20C8-4C3A-9E2B-2147AB89D437}.Release|x64.Build.0 = Release|Any CPU
		{E00233C5-A60D-43B4-983B-D4CEC6D0E573}.Debug|Any CPU.ActiveCfg = Debug|Any CPU
		{E00233C5-A60D-43B4-983B-D4CEC6D0E573}.Debug|Any CPU.Build.0 = Debug|Any CPU
		{E00233C5-A60D-43B4-983B-D4CEC6D0E573}.Debug|x64.ActiveCfg = Debug|Any CPU
		{E00233C5-A60D-43B4-983B-D4CEC6D0E573}.Debug|x64.Build.0 = Debug|Any CPU
		{E00233C5-A60D-43B4-983B-D4CEC6D0E573}.Release|Any CPU.ActiveCfg = Release|Any CPU
		{E00233C5-A60D-43B4-983B-D4CEC6D0E573}.Release|Any CPU.Build.0 = Release|Any CPU
		{E00233C5-A60D-43B4-983B-D4CEC6D0E573}.Release|x64.ActiveCfg = Release|Any CPU
		{E00233C5-A60D-43B4-983B-D4CEC6D0E573}.Release|x64.Build.0 = Release|Any CPU
		{45B79C31-DFDB-4676-97B1-AD35ECC19875}.Debug|Any CPU.ActiveCfg = Debug|Any CPU
		{45B79C31-DFDB-4676-97B1-AD35ECC19875}.Debug|Any CPU.Build.0 = Debug|Any CPU
		{45B79C31-DFDB-4676-97B1-AD35ECC19875}.Debug|x64.ActiveCfg = Debug|Any CPU
		{45B79C31-DFDB-4676-97B1-AD35ECC19875}.Debug|x64.Build.0 = Debug|Any CPU
		{45B79C31-DFDB-4676-97B1-AD35ECC19875}.Release|Any CPU.ActiveCfg = Release|Any CPU
		{45B79C31-DFDB-4676-97B1-AD35ECC19875}.Release|Any CPU.Build.0 = Release|Any CPU
		{45B79C31-DFDB-4676-97B1-AD35ECC19875}.Release|x64.ActiveCfg = Release|Any CPU
		{45B79C31-DFDB-4676-97B1-AD35ECC19875}.Release|x64.Build.0 = Release|Any CPU
		{8EDF4429-251A-416D-BB68-93F227191BCF}.Debug|Any CPU.ActiveCfg = Debug|Any CPU
		{8EDF4429-251A-416D-BB68-93F227191BCF}.Debug|Any CPU.Build.0 = Debug|Any CPU
		{8EDF4429-251A-416D-BB68-93F227191BCF}.Debug|x64.ActiveCfg = Debug|Any CPU
		{8EDF4429-251A-416D-BB68-93F227191BCF}.Debug|x64.Build.0 = Debug|Any CPU
		{8EDF4429-251A-416D-BB68-93F227191BCF}.Release|Any CPU.ActiveCfg = Release|Any CPU
		{8EDF4429-251A-416D-BB68-93F227191BCF}.Release|Any CPU.Build.0 = Release|Any CPU
		{8EDF4429-251A-416D-BB68-93F227191BCF}.Release|x64.ActiveCfg = Release|Any CPU
		{8EDF4429-251A-416D-BB68-93F227191BCF}.Release|x64.Build.0 = Release|Any CPU
		{96F48DE1-EEE7-4F7A-BF73-2061834BDDC8}.Debug|Any CPU.ActiveCfg = Debug|Any CPU
		{96F48DE1-EEE7-4F7A-BF73-2061834BDDC8}.Debug|Any CPU.Build.0 = Debug|Any CPU
		{96F48DE1-EEE7-4F7A-BF73-2061834BDDC8}.Debug|x64.ActiveCfg = Debug|Any CPU
		{96F48DE1-EEE7-4F7A-BF73-2061834BDDC8}.Debug|x64.Build.0 = Debug|Any CPU
		{96F48DE1-EEE7-4F7A-BF73-2061834BDDC8}.Release|Any CPU.ActiveCfg = Release|Any CPU
		{96F48DE1-EEE7-4F7A-BF73-2061834BDDC8}.Release|Any CPU.Build.0 = Release|Any CPU
		{96F48DE1-EEE7-4F7A-BF73-2061834BDDC8}.Release|x64.ActiveCfg = Release|Any CPU
		{96F48DE1-EEE7-4F7A-BF73-2061834BDDC8}.Release|x64.Build.0 = Release|Any CPU
		{D184BF09-FD6D-4F36-BC6E-BF05E763E3AC}.Debug|Any CPU.ActiveCfg = Debug|Any CPU
		{D184BF09-FD6D-4F36-BC6E-BF05E763E3AC}.Debug|Any CPU.Build.0 = Debug|Any CPU
		{D184BF09-FD6D-4F36-BC6E-BF05E763E3AC}.Debug|x64.ActiveCfg = Debug|Any CPU
		{D184BF09-FD6D-4F36-BC6E-BF05E763E3AC}.Debug|x64.Build.0 = Debug|Any CPU
		{D184BF09-FD6D-4F36-BC6E-BF05E763E3AC}.Release|Any CPU.ActiveCfg = Release|Any CPU
		{D184BF09-FD6D-4F36-BC6E-BF05E763E3AC}.Release|Any CPU.Build.0 = Release|Any CPU
		{D184BF09-FD6D-4F36-BC6E-BF05E763E3AC}.Release|x64.ActiveCfg = Release|Any CPU
		{D184BF09-FD6D-4F36-BC6E-BF05E763E3AC}.Release|x64.Build.0 = Release|Any CPU
		{AC54F213-1A2D-4451-B4AD-9CDCAEB41127}.Debug|Any CPU.ActiveCfg = Debug|Any CPU
		{AC54F213-1A2D-4451-B4AD-9CDCAEB41127}.Debug|Any CPU.Build.0 = Debug|Any CPU
		{AC54F213-1A2D-4451-B4AD-9CDCAEB41127}.Debug|x64.ActiveCfg = Debug|Any CPU
		{AC54F213-1A2D-4451-B4AD-9CDCAEB41127}.Debug|x64.Build.0 = Debug|Any CPU
		{AC54F213-1A2D-4451-B4AD-9CDCAEB41127}.Release|Any CPU.ActiveCfg = Release|Any CPU
		{AC54F213-1A2D-4451-B4AD-9CDCAEB41127}.Release|Any CPU.Build.0 = Release|Any CPU
		{AC54F213-1A2D-4451-B4AD-9CDCAEB41127}.Release|x64.ActiveCfg = Release|Any CPU
		{AC54F213-1A2D-4451-B4AD-9CDCAEB41127}.Release|x64.Build.0 = Release|Any CPU
		{31F35624-F429-4E40-9E81-ACBB9880BF5A}.Debug|Any CPU.ActiveCfg = Debug|Any CPU
		{31F35624-F429-4E40-9E81-ACBB9880BF5A}.Debug|Any CPU.Build.0 = Debug|Any CPU
		{31F35624-F429-4E40-9E81-ACBB9880BF5A}.Debug|x64.ActiveCfg = Debug|Any CPU
		{31F35624-F429-4E40-9E81-ACBB9880BF5A}.Debug|x64.Build.0 = Debug|Any CPU
		{31F35624-F429-4E40-9E81-ACBB9880BF5A}.Release|Any CPU.ActiveCfg = Release|Any CPU
		{31F35624-F429-4E40-9E81-ACBB9880BF5A}.Release|Any CPU.Build.0 = Release|Any CPU
		{31F35624-F429-4E40-9E81-ACBB9880BF5A}.Release|x64.ActiveCfg = Release|Any CPU
		{31F35624-F429-4E40-9E81-ACBB9880BF5A}.Release|x64.Build.0 = Release|Any CPU
		{7941EAC6-25F8-4D85-A089-EEA56698D00B}.Debug|Any CPU.ActiveCfg = Debug|Any CPU
		{7941EAC6-25F8-4D85-A089-EEA56698D00B}.Debug|Any CPU.Build.0 = Debug|Any CPU
		{7941EAC6-25F8-4D85-A089-EEA56698D00B}.Debug|x64.ActiveCfg = Debug|Any CPU
		{7941EAC6-25F8-4D85-A089-EEA56698D00B}.Debug|x64.Build.0 = Debug|Any CPU
		{7941EAC6-25F8-4D85-A089-EEA56698D00B}.Release|Any CPU.ActiveCfg = Release|Any CPU
		{7941EAC6-25F8-4D85-A089-EEA56698D00B}.Release|Any CPU.Build.0 = Release|Any CPU
		{7941EAC6-25F8-4D85-A089-EEA56698D00B}.Release|x64.ActiveCfg = Release|Any CPU
		{7941EAC6-25F8-4D85-A089-EEA56698D00B}.Release|x64.Build.0 = Release|Any CPU
		{30F11E8A-A8D2-48C7-9D86-D5D007A47609}.Debug|Any CPU.ActiveCfg = Debug|Any CPU
		{30F11E8A-A8D2-48C7-9D86-D5D007A47609}.Debug|Any CPU.Build.0 = Debug|Any CPU
		{30F11E8A-A8D2-48C7-9D86-D5D007A47609}.Debug|x64.ActiveCfg = Debug|Any CPU
		{30F11E8A-A8D2-48C7-9D86-D5D007A47609}.Debug|x64.Build.0 = Debug|Any CPU
		{30F11E8A-A8D2-48C7-9D86-D5D007A47609}.Release|Any CPU.ActiveCfg = Release|Any CPU
		{30F11E8A-A8D2-48C7-9D86-D5D007A47609}.Release|Any CPU.Build.0 = Release|Any CPU
		{30F11E8A-A8D2-48C7-9D86-D5D007A47609}.Release|x64.ActiveCfg = Release|Any CPU
		{30F11E8A-A8D2-48C7-9D86-D5D007A47609}.Release|x64.Build.0 = Release|Any CPU
		{4D2BF136-C342-4471-ABAB-BD86E0B19D1A}.Debug|Any CPU.ActiveCfg = Debug|Any CPU
		{4D2BF136-C342-4471-ABAB-BD86E0B19D1A}.Debug|Any CPU.Build.0 = Debug|Any CPU
		{4D2BF136-C342-4471-ABAB-BD86E0B19D1A}.Debug|x64.ActiveCfg = Debug|Any CPU
		{4D2BF136-C342-4471-ABAB-BD86E0B19D1A}.Debug|x64.Build.0 = Debug|Any CPU
		{4D2BF136-C342-4471-ABAB-BD86E0B19D1A}.Release|Any CPU.ActiveCfg = Release|Any CPU
		{4D2BF136-C342-4471-ABAB-BD86E0B19D1A}.Release|Any CPU.Build.0 = Release|Any CPU
		{4D2BF136-C342-4471-ABAB-BD86E0B19D1A}.Release|x64.ActiveCfg = Release|Any CPU
		{4D2BF136-C342-4471-ABAB-BD86E0B19D1A}.Release|x64.Build.0 = Release|Any CPU
		{6FFEFEF0-8B67-45C8-9ABA-A1E6D276B1C2}.Debug|Any CPU.ActiveCfg = Debug|Any CPU
		{6FFEFEF0-8B67-45C8-9ABA-A1E6D276B1C2}.Debug|Any CPU.Build.0 = Debug|Any CPU
		{6FFEFEF0-8B67-45C8-9ABA-A1E6D276B1C2}.Debug|x64.ActiveCfg = Debug|Any CPU
		{6FFEFEF0-8B67-45C8-9ABA-A1E6D276B1C2}.Debug|x64.Build.0 = Debug|Any CPU
		{6FFEFEF0-8B67-45C8-9ABA-A1E6D276B1C2}.Release|Any CPU.ActiveCfg = Release|Any CPU
		{6FFEFEF0-8B67-45C8-9ABA-A1E6D276B1C2}.Release|Any CPU.Build.0 = Release|Any CPU
		{6FFEFEF0-8B67-45C8-9ABA-A1E6D276B1C2}.Release|x64.ActiveCfg = Release|Any CPU
		{6FFEFEF0-8B67-45C8-9ABA-A1E6D276B1C2}.Release|x64.Build.0 = Release|Any CPU
		{DA10E40B-D532-4036-86BC-D46DC18A9DEC}.Debug|Any CPU.ActiveCfg = Debug|Any CPU
		{DA10E40B-D532-4036-86BC-D46DC18A9DEC}.Debug|Any CPU.Build.0 = Debug|Any CPU
		{DA10E40B-D532-4036-86BC-D46DC18A9DEC}.Debug|x64.ActiveCfg = Debug|Any CPU
		{DA10E40B-D532-4036-86BC-D46DC18A9DEC}.Debug|x64.Build.0 = Debug|Any CPU
		{DA10E40B-D532-4036-86BC-D46DC18A9DEC}.Release|Any CPU.ActiveCfg = Release|Any CPU
		{DA10E40B-D532-4036-86BC-D46DC18A9DEC}.Release|Any CPU.Build.0 = Release|Any CPU
		{DA10E40B-D532-4036-86BC-D46DC18A9DEC}.Release|x64.ActiveCfg = Release|Any CPU
		{DA10E40B-D532-4036-86BC-D46DC18A9DEC}.Release|x64.Build.0 = Release|Any CPU
		{5D420F78-C169-4615-ACB2-A039BF8ACBD6}.Debug|Any CPU.ActiveCfg = Debug|Any CPU
		{5D420F78-C169-4615-ACB2-A039BF8ACBD6}.Debug|Any CPU.Build.0 = Debug|Any CPU
		{5D420F78-C169-4615-ACB2-A039BF8ACBD6}.Debug|x64.ActiveCfg = Debug|Any CPU
		{5D420F78-C169-4615-ACB2-A039BF8ACBD6}.Debug|x64.Build.0 = Debug|Any CPU
		{5D420F78-C169-4615-ACB2-A039BF8ACBD6}.Release|Any CPU.ActiveCfg = Release|Any CPU
		{5D420F78-C169-4615-ACB2-A039BF8ACBD6}.Release|Any CPU.Build.0 = Release|Any CPU
		{5D420F78-C169-4615-ACB2-A039BF8ACBD6}.Release|x64.ActiveCfg = Release|Any CPU
		{5D420F78-C169-4615-ACB2-A039BF8ACBD6}.Release|x64.Build.0 = Release|Any CPU
		{9FF69878-E3D3-459D-A779-A6CB0091DE75}.Debug|Any CPU.ActiveCfg = Debug|Any CPU
		{9FF69878-E3D3-459D-A779-A6CB0091DE75}.Debug|Any CPU.Build.0 = Debug|Any CPU
		{9FF69878-E3D3-459D-A779-A6CB0091DE75}.Debug|x64.ActiveCfg = Debug|Any CPU
		{9FF69878-E3D3-459D-A779-A6CB0091DE75}.Debug|x64.Build.0 = Debug|Any CPU
		{9FF69878-E3D3-459D-A779-A6CB0091DE75}.Release|Any CPU.ActiveCfg = Release|Any CPU
		{9FF69878-E3D3-459D-A779-A6CB0091DE75}.Release|Any CPU.Build.0 = Release|Any CPU
		{9FF69878-E3D3-459D-A779-A6CB0091DE75}.Release|x64.ActiveCfg = Release|Any CPU
		{9FF69878-E3D3-459D-A779-A6CB0091DE75}.Release|x64.Build.0 = Release|Any CPU
		{7BEBD9E0-0376-472B-BA0B-653E6139635E}.Debug|Any CPU.ActiveCfg = Debug|Any CPU
		{7BEBD9E0-0376-472B-BA0B-653E6139635E}.Debug|Any CPU.Build.0 = Debug|Any CPU
		{7BEBD9E0-0376-472B-BA0B-653E6139635E}.Debug|x64.ActiveCfg = Debug|Any CPU
		{7BEBD9E0-0376-472B-BA0B-653E6139635E}.Debug|x64.Build.0 = Debug|Any CPU
		{7BEBD9E0-0376-472B-BA0B-653E6139635E}.Release|Any CPU.ActiveCfg = Release|Any CPU
		{7BEBD9E0-0376-472B-BA0B-653E6139635E}.Release|Any CPU.Build.0 = Release|Any CPU
		{7BEBD9E0-0376-472B-BA0B-653E6139635E}.Release|x64.ActiveCfg = Release|Any CPU
		{7BEBD9E0-0376-472B-BA0B-653E6139635E}.Release|x64.Build.0 = Release|Any CPU
		{F79D0DD2-4FB4-47DB-B765-5D6516B8C5EA}.Debug|Any CPU.ActiveCfg = Debug|Any CPU
		{F79D0DD2-4FB4-47DB-B765-5D6516B8C5EA}.Debug|Any CPU.Build.0 = Debug|Any CPU
		{F79D0DD2-4FB4-47DB-B765-5D6516B8C5EA}.Debug|x64.ActiveCfg = Debug|Any CPU
		{F79D0DD2-4FB4-47DB-B765-5D6516B8C5EA}.Debug|x64.Build.0 = Debug|Any CPU
		{F79D0DD2-4FB4-47DB-B765-5D6516B8C5EA}.Release|Any CPU.ActiveCfg = Release|Any CPU
		{F79D0DD2-4FB4-47DB-B765-5D6516B8C5EA}.Release|Any CPU.Build.0 = Release|Any CPU
		{F79D0DD2-4FB4-47DB-B765-5D6516B8C5EA}.Release|x64.ActiveCfg = Release|Any CPU
		{F79D0DD2-4FB4-47DB-B765-5D6516B8C5EA}.Release|x64.Build.0 = Release|Any CPU
	EndGlobalSection
	GlobalSection(SolutionProperties) = preSolution
		HideSolutionNode = FALSE
	EndGlobalSection
	GlobalSection(ExtensibilityGlobals) = postSolution
		SolutionGuid = {4C51BD29-4830-4F67-9C8A-0473974D95D6}
	EndGlobalSection
EndGlobal
